// !$*UTF8*$!
{
	archiveVersion = 1;
	classes = {
	};
	objectVersion = 46;
	objects = {

/* Begin PBXBuildFile section */
		FA0EB1131B649F110034FD18 /* ListOfArtworksCDTVC.m in Sources */ = {isa = PBXBuildFile; fileRef = FA0EB1121B649F110034FD18 /* ListOfArtworksCDTVC.m */; };
		FA0FAA231C65DFD60023FC48 /* UIAlertController+ConvinienceMethods.m in Sources */ = {isa = PBXBuildFile; fileRef = FA0FAA221C65DFD60023FC48 /* UIAlertController+ConvinienceMethods.m */; settings = {ASSET_TAGS = (); }; };
		FA315FBB1BAE59B300BE5F02 /* SelectArtistTVC.m in Sources */ = {isa = PBXBuildFile; fileRef = FA315FB91BAE59B300BE5F02 /* SelectArtistTVC.m */; };
		FA315FBC1BAE59B300BE5F02 /* SelectArtistTVC.xib in Resources */ = {isa = PBXBuildFile; fileRef = FA315FBA1BAE59B300BE5F02 /* SelectArtistTVC.xib */; };
		FA315FC21BAE852400BE5F02 /* ArtworkImageView.m in Sources */ = {isa = PBXBuildFile; fileRef = FA315FC11BAE852400BE5F02 /* ArtworkImageView.m */; };
		FA315FC71BB7A83900BE5F02 /* Location+Create.m in Sources */ = {isa = PBXBuildFile; fileRef = FA315FC61BB7A83900BE5F02 /* Location+Create.m */; };
		FA40492A1B75CAC80069144D /* Artwork.m in Sources */ = {isa = PBXBuildFile; fileRef = FA4049291B75CAC80069144D /* Artwork.m */; };
		FA40492D1B75CAC90069144D /* Location.m in Sources */ = {isa = PBXBuildFile; fileRef = FA40492C1B75CAC90069144D /* Location.m */; };
		FA4049301B75CAC90069144D /* Artist.m in Sources */ = {isa = PBXBuildFile; fileRef = FA40492F1B75CAC90069144D /* Artist.m */; };
		FA4049491B7732E20069144D /* Artist+Equality.m in Sources */ = {isa = PBXBuildFile; fileRef = FA4049481B7732E20069144D /* Artist+Equality.m */; };
		FA40494C1B7734630069144D /* Artist+Create.m in Sources */ = {isa = PBXBuildFile; fileRef = FA40494B1B7734630069144D /* Artist+Create.m */; };
		FA4049671B7EBA6E0069144D /* ViewArtistTVC.m in Sources */ = {isa = PBXBuildFile; fileRef = FA4049651B7EBA6E0069144D /* ViewArtistTVC.m */; };
		FA4049681B7EBA6E0069144D /* ViewArtistTVC.xib in Resources */ = {isa = PBXBuildFile; fileRef = FA4049661B7EBA6E0069144D /* ViewArtistTVC.xib */; };
		FA5339C41B650B0F006C0F52 /* PhotoLibraryInterface.m in Sources */ = {isa = PBXBuildFile; fileRef = FA5339C31B650B0F006C0F52 /* PhotoLibraryInterface.m */; };
		FA5339D01B6655D1006C0F52 /* ArtworkTVC.m in Sources */ = {isa = PBXBuildFile; fileRef = FA5339CE1B6655D1006C0F52 /* ArtworkTVC.m */; };
		FA5339D11B6655D1006C0F52 /* ArtworkTVC.xib in Resources */ = {isa = PBXBuildFile; fileRef = FA5339CF1B6655D1006C0F52 /* ArtworkTVC.xib */; };
		FA5339D41B6DAA2F006C0F52 /* ArtworkMapVC.m in Sources */ = {isa = PBXBuildFile; fileRef = FA5339D31B6DAA2F006C0F52 /* ArtworkMapVC.m */; };
		FA5339E31B6EE32E006C0F52 /* Artwork+Annotation.m in Sources */ = {isa = PBXBuildFile; fileRef = FA5339E21B6EE32E006C0F52 /* Artwork+Annotation.m */; };
		FA5339E81B6EE9F7006C0F52 /* MapKit.framework in Frameworks */ = {isa = PBXBuildFile; fileRef = FA5339E71B6EE9F7006C0F52 /* MapKit.framework */; };
		FABBF6821C420A8C008DB672 /* CodableObject.m in Sources */ = {isa = PBXBuildFile; fileRef = FABBF6771C420A8C008DB672 /* CodableObject.m */; settings = {ASSET_TAGS = (); }; };
		FABBF6831C420A8C008DB672 /* Grid.m in Sources */ = {isa = PBXBuildFile; fileRef = FABBF6791C420A8C008DB672 /* Grid.m */; settings = {ASSET_TAGS = (); }; };
		FABBF6841C420A8C008DB672 /* GridOfObjects.m in Sources */ = {isa = PBXBuildFile; fileRef = FABBF67B1C420A8C008DB672 /* GridOfObjects.m */; settings = {ASSET_TAGS = (); }; };
		FABBF6851C420A8C008DB672 /* GridVC.m in Sources */ = {isa = PBXBuildFile; fileRef = FABBF67D1C420A8C008DB672 /* GridVC.m */; settings = {ASSET_TAGS = (); }; };
		FABBF6861C420A8C008DB672 /* NoScrollGridVC.m in Sources */ = {isa = PBXBuildFile; fileRef = FABBF67F1C420A8C008DB672 /* NoScrollGridVC.m */; settings = {ASSET_TAGS = (); }; };
		FABBF6871C420A8C008DB672 /* PositionStruct.m in Sources */ = {isa = PBXBuildFile; fileRef = FABBF6811C420A8C008DB672 /* PositionStruct.m */; settings = {ASSET_TAGS = (); }; };
		FAC2C7651B50B83200DE31A5 /* CoreDataTableViewController.m in Sources */ = {isa = PBXBuildFile; fileRef = FAC2C7641B50B83200DE31A5 /* CoreDataTableViewController.m */; };
		FAC2C7681B50DE5900DE31A5 /* RecentsCDTVC.m in Sources */ = {isa = PBXBuildFile; fileRef = FAC2C7671B50DE5900DE31A5 /* RecentsCDTVC.m */; };
		FAC2C76B1B50E87700DE31A5 /* AddAndViewArtworkVC.m in Sources */ = {isa = PBXBuildFile; fileRef = FAC2C76A1B50E87700DE31A5 /* AddAndViewArtworkVC.m */; };
		FAC2C76E1B51E44800DE31A5 /* ArtistsCDTVC.m in Sources */ = {isa = PBXBuildFile; fileRef = FAC2C76D1B51E44800DE31A5 /* ArtistsCDTVC.m */; };
		FACDBBF61BA3BB5200744488 /* Artwork+Create.m in Sources */ = {isa = PBXBuildFile; fileRef = FACDBBF51BA3BB5200744488 /* Artwork+Create.m */; };
		FAEB528D1B48D14700D9361E /* main.m in Sources */ = {isa = PBXBuildFile; fileRef = FAEB528C1B48D14700D9361E /* main.m */; };
		FAEB52901B48D14700D9361E /* AppDelegate.m in Sources */ = {isa = PBXBuildFile; fileRef = FAEB528F1B48D14700D9361E /* AppDelegate.m */; };
		FAEB52961B48D14700D9361E /* Main.storyboard in Resources */ = {isa = PBXBuildFile; fileRef = FAEB52941B48D14700D9361E /* Main.storyboard */; };
		FAEB52981B48D14700D9361E /* Images.xcassets in Resources */ = {isa = PBXBuildFile; fileRef = FAEB52971B48D14700D9361E /* Images.xcassets */; };
		FAEB529B1B48D14700D9361E /* LaunchScreen.xib in Resources */ = {isa = PBXBuildFile; fileRef = FAEB52991B48D14700D9361E /* LaunchScreen.xib */; };
		FAEB52A71B48D14900D9361E /* Street_Art_MapTests.m in Sources */ = {isa = PBXBuildFile; fileRef = FAEB52A61B48D14900D9361E /* Street_Art_MapTests.m */; };
		FAEB52B41B48D1C500D9361E /* Model.xcdatamodeld in Sources */ = {isa = PBXBuildFile; fileRef = FAEB52B21B48D1C500D9361E /* Model.xcdatamodeld */; };
/* End PBXBuildFile section */

/* Begin PBXContainerItemProxy section */
		FAEB52A11B48D14900D9361E /* PBXContainerItemProxy */ = {
			isa = PBXContainerItemProxy;
			containerPortal = FAEB527F1B48D14700D9361E /* Project object */;
			proxyType = 1;
			remoteGlobalIDString = FAEB52861B48D14700D9361E;
			remoteInfo = "Street Art Map";
		};
/* End PBXContainerItemProxy section */

/* Begin PBXFileReference section */
		FA0EB1111B649F110034FD18 /* ListOfArtworksCDTVC.h */ = {isa = PBXFileReference; fileEncoding = 4; lastKnownFileType = sourcecode.c.h; path = ListOfArtworksCDTVC.h; sourceTree = "<group>"; };
		FA0EB1121B649F110034FD18 /* ListOfArtworksCDTVC.m */ = {isa = PBXFileReference; fileEncoding = 4; lastKnownFileType = sourcecode.c.objc; path = ListOfArtworksCDTVC.m; sourceTree = "<group>"; };
		FA0FAA211C65DFD60023FC48 /* UIAlertController+ConvinienceMethods.h */ = {isa = PBXFileReference; fileEncoding = 4; lastKnownFileType = sourcecode.c.h; path = "UIAlertController+ConvinienceMethods.h"; sourceTree = "<group>"; };
		FA0FAA221C65DFD60023FC48 /* UIAlertController+ConvinienceMethods.m */ = {isa = PBXFileReference; fileEncoding = 4; lastKnownFileType = sourcecode.c.objc; path = "UIAlertController+ConvinienceMethods.m"; sourceTree = "<group>"; };
		FA315FB81BAE59B300BE5F02 /* SelectArtistTVC.h */ = {isa = PBXFileReference; fileEncoding = 4; lastKnownFileType = sourcecode.c.h; path = SelectArtistTVC.h; sourceTree = "<group>"; };
		FA315FB91BAE59B300BE5F02 /* SelectArtistTVC.m */ = {isa = PBXFileReference; fileEncoding = 4; lastKnownFileType = sourcecode.c.objc; path = SelectArtistTVC.m; sourceTree = "<group>"; };
		FA315FBA1BAE59B300BE5F02 /* SelectArtistTVC.xib */ = {isa = PBXFileReference; fileEncoding = 4; lastKnownFileType = file.xib; path = SelectArtistTVC.xib; sourceTree = "<group>"; };
		FA315FC01BAE852400BE5F02 /* ArtworkImageView.h */ = {isa = PBXFileReference; fileEncoding = 4; lastKnownFileType = sourcecode.c.h; path = ArtworkImageView.h; sourceTree = "<group>"; };
		FA315FC11BAE852400BE5F02 /* ArtworkImageView.m */ = {isa = PBXFileReference; fileEncoding = 4; lastKnownFileType = sourcecode.c.objc; path = ArtworkImageView.m; sourceTree = "<group>"; };
		FA315FC51BB7A83900BE5F02 /* Location+Create.h */ = {isa = PBXFileReference; fileEncoding = 4; lastKnownFileType = sourcecode.c.h; path = "Location+Create.h"; sourceTree = "<group>"; };
		FA315FC61BB7A83900BE5F02 /* Location+Create.m */ = {isa = PBXFileReference; fileEncoding = 4; lastKnownFileType = sourcecode.c.objc; path = "Location+Create.m"; sourceTree = "<group>"; };
		FA4049281B75CAC80069144D /* Artwork.h */ = {isa = PBXFileReference; fileEncoding = 4; lastKnownFileType = sourcecode.c.h; path = Artwork.h; sourceTree = "<group>"; };
		FA4049291B75CAC80069144D /* Artwork.m */ = {isa = PBXFileReference; fileEncoding = 4; lastKnownFileType = sourcecode.c.objc; path = Artwork.m; sourceTree = "<group>"; };
		FA40492B1B75CAC90069144D /* Location.h */ = {isa = PBXFileReference; fileEncoding = 4; lastKnownFileType = sourcecode.c.h; path = Location.h; sourceTree = "<group>"; };
		FA40492C1B75CAC90069144D /* Location.m */ = {isa = PBXFileReference; fileEncoding = 4; lastKnownFileType = sourcecode.c.objc; path = Location.m; sourceTree = "<group>"; };
		FA40492E1B75CAC90069144D /* Artist.h */ = {isa = PBXFileReference; fileEncoding = 4; lastKnownFileType = sourcecode.c.h; path = Artist.h; sourceTree = "<group>"; };
		FA40492F1B75CAC90069144D /* Artist.m */ = {isa = PBXFileReference; fileEncoding = 4; lastKnownFileType = sourcecode.c.objc; path = Artist.m; sourceTree = "<group>"; };
		FA4049471B7732E20069144D /* Artist+Equality.h */ = {isa = PBXFileReference; fileEncoding = 4; lastKnownFileType = sourcecode.c.h; path = "Artist+Equality.h"; sourceTree = "<group>"; };
		FA4049481B7732E20069144D /* Artist+Equality.m */ = {isa = PBXFileReference; fileEncoding = 4; lastKnownFileType = sourcecode.c.objc; path = "Artist+Equality.m"; sourceTree = "<group>"; };
		FA40494A1B7734630069144D /* Artist+Create.h */ = {isa = PBXFileReference; fileEncoding = 4; lastKnownFileType = sourcecode.c.h; path = "Artist+Create.h"; sourceTree = "<group>"; };
		FA40494B1B7734630069144D /* Artist+Create.m */ = {isa = PBXFileReference; fileEncoding = 4; lastKnownFileType = sourcecode.c.objc; path = "Artist+Create.m"; sourceTree = "<group>"; };
		FA4049641B7EBA6E0069144D /* ViewArtistTVC.h */ = {isa = PBXFileReference; fileEncoding = 4; lastKnownFileType = sourcecode.c.h; path = ViewArtistTVC.h; sourceTree = "<group>"; };
		FA4049651B7EBA6E0069144D /* ViewArtistTVC.m */ = {isa = PBXFileReference; fileEncoding = 4; lastKnownFileType = sourcecode.c.objc; path = ViewArtistTVC.m; sourceTree = "<group>"; };
		FA4049661B7EBA6E0069144D /* ViewArtistTVC.xib */ = {isa = PBXFileReference; fileEncoding = 4; lastKnownFileType = file.xib; path = ViewArtistTVC.xib; sourceTree = "<group>"; };
		FA5339C21B650B0F006C0F52 /* PhotoLibraryInterface.h */ = {isa = PBXFileReference; fileEncoding = 4; lastKnownFileType = sourcecode.c.h; path = PhotoLibraryInterface.h; sourceTree = "<group>"; };
		FA5339C31B650B0F006C0F52 /* PhotoLibraryInterface.m */ = {isa = PBXFileReference; fileEncoding = 4; lastKnownFileType = sourcecode.c.objc; path = PhotoLibraryInterface.m; sourceTree = "<group>"; };
		FA5339CD1B6655D1006C0F52 /* ArtworkTVC.h */ = {isa = PBXFileReference; fileEncoding = 4; lastKnownFileType = sourcecode.c.h; path = ArtworkTVC.h; sourceTree = "<group>"; };
		FA5339CE1B6655D1006C0F52 /* ArtworkTVC.m */ = {isa = PBXFileReference; fileEncoding = 4; lastKnownFileType = sourcecode.c.objc; path = ArtworkTVC.m; sourceTree = "<group>"; };
		FA5339CF1B6655D1006C0F52 /* ArtworkTVC.xib */ = {isa = PBXFileReference; fileEncoding = 4; lastKnownFileType = file.xib; path = ArtworkTVC.xib; sourceTree = "<group>"; };
		FA5339D21B6DAA2F006C0F52 /* ArtworkMapVC.h */ = {isa = PBXFileReference; fileEncoding = 4; lastKnownFileType = sourcecode.c.h; path = ArtworkMapVC.h; sourceTree = "<group>"; };
		FA5339D31B6DAA2F006C0F52 /* ArtworkMapVC.m */ = {isa = PBXFileReference; fileEncoding = 4; lastKnownFileType = sourcecode.c.objc; path = ArtworkMapVC.m; sourceTree = "<group>"; };
		FA5339E11B6EE32E006C0F52 /* Artwork+Annotation.h */ = {isa = PBXFileReference; fileEncoding = 4; lastKnownFileType = sourcecode.c.h; path = "Artwork+Annotation.h"; sourceTree = "<group>"; };
		FA5339E21B6EE32E006C0F52 /* Artwork+Annotation.m */ = {isa = PBXFileReference; fileEncoding = 4; lastKnownFileType = sourcecode.c.objc; path = "Artwork+Annotation.m"; sourceTree = "<group>"; };
		FA5339E71B6EE9F7006C0F52 /* MapKit.framework */ = {isa = PBXFileReference; lastKnownFileType = wrapper.framework; name = MapKit.framework; path = System/Library/Frameworks/MapKit.framework; sourceTree = SDKROOT; };
		FABBF6761C420A8C008DB672 /* CodableObject.h */ = {isa = PBXFileReference; fileEncoding = 4; lastKnownFileType = sourcecode.c.h; path = CodableObject.h; sourceTree = "<group>"; };
		FABBF6771C420A8C008DB672 /* CodableObject.m */ = {isa = PBXFileReference; fileEncoding = 4; lastKnownFileType = sourcecode.c.objc; path = CodableObject.m; sourceTree = "<group>"; };
		FABBF6781C420A8C008DB672 /* Grid.h */ = {isa = PBXFileReference; fileEncoding = 4; lastKnownFileType = sourcecode.c.h; path = Grid.h; sourceTree = "<group>"; };
		FABBF6791C420A8C008DB672 /* Grid.m */ = {isa = PBXFileReference; fileEncoding = 4; lastKnownFileType = sourcecode.c.objc; path = Grid.m; sourceTree = "<group>"; };
		FABBF67A1C420A8C008DB672 /* GridOfObjects.h */ = {isa = PBXFileReference; fileEncoding = 4; lastKnownFileType = sourcecode.c.h; path = GridOfObjects.h; sourceTree = "<group>"; };
		FABBF67B1C420A8C008DB672 /* GridOfObjects.m */ = {isa = PBXFileReference; fileEncoding = 4; lastKnownFileType = sourcecode.c.objc; path = GridOfObjects.m; sourceTree = "<group>"; };
		FABBF67C1C420A8C008DB672 /* GridVC.h */ = {isa = PBXFileReference; fileEncoding = 4; lastKnownFileType = sourcecode.c.h; path = GridVC.h; sourceTree = "<group>"; };
		FABBF67D1C420A8C008DB672 /* GridVC.m */ = {isa = PBXFileReference; fileEncoding = 4; lastKnownFileType = sourcecode.c.objc; path = GridVC.m; sourceTree = "<group>"; };
		FABBF67E1C420A8C008DB672 /* NoScrollGridVC.h */ = {isa = PBXFileReference; fileEncoding = 4; lastKnownFileType = sourcecode.c.h; path = NoScrollGridVC.h; sourceTree = "<group>"; };
		FABBF67F1C420A8C008DB672 /* NoScrollGridVC.m */ = {isa = PBXFileReference; fileEncoding = 4; lastKnownFileType = sourcecode.c.objc; path = NoScrollGridVC.m; sourceTree = "<group>"; };
		FABBF6801C420A8C008DB672 /* PositionStruct.h */ = {isa = PBXFileReference; fileEncoding = 4; lastKnownFileType = sourcecode.c.h; path = PositionStruct.h; sourceTree = "<group>"; };
		FABBF6811C420A8C008DB672 /* PositionStruct.m */ = {isa = PBXFileReference; fileEncoding = 4; lastKnownFileType = sourcecode.c.objc; path = PositionStruct.m; sourceTree = "<group>"; };
		FAC2C7631B50B83200DE31A5 /* CoreDataTableViewController.h */ = {isa = PBXFileReference; fileEncoding = 4; lastKnownFileType = sourcecode.c.h; path = CoreDataTableViewController.h; sourceTree = "<group>"; };
		FAC2C7641B50B83200DE31A5 /* CoreDataTableViewController.m */ = {isa = PBXFileReference; fileEncoding = 4; lastKnownFileType = sourcecode.c.objc; path = CoreDataTableViewController.m; sourceTree = "<group>"; };
		FAC2C7661B50DE5900DE31A5 /* RecentsCDTVC.h */ = {isa = PBXFileReference; fileEncoding = 4; lastKnownFileType = sourcecode.c.h; path = RecentsCDTVC.h; sourceTree = "<group>"; };
		FAC2C7671B50DE5900DE31A5 /* RecentsCDTVC.m */ = {isa = PBXFileReference; fileEncoding = 4; lastKnownFileType = sourcecode.c.objc; path = RecentsCDTVC.m; sourceTree = "<group>"; };
		FAC2C7691B50E87700DE31A5 /* AddAndViewArtworkVC.h */ = {isa = PBXFileReference; fileEncoding = 4; lastKnownFileType = sourcecode.c.h; path = AddAndViewArtworkVC.h; sourceTree = "<group>"; };
		FAC2C76A1B50E87700DE31A5 /* AddAndViewArtworkVC.m */ = {isa = PBXFileReference; fileEncoding = 4; lastKnownFileType = sourcecode.c.objc; path = AddAndViewArtworkVC.m; sourceTree = "<group>"; };
		FAC2C76C1B51E44800DE31A5 /* ArtistsCDTVC.h */ = {isa = PBXFileReference; fileEncoding = 4; lastKnownFileType = sourcecode.c.h; path = ArtistsCDTVC.h; sourceTree = "<group>"; };
		FAC2C76D1B51E44800DE31A5 /* ArtistsCDTVC.m */ = {isa = PBXFileReference; fileEncoding = 4; lastKnownFileType = sourcecode.c.objc; path = ArtistsCDTVC.m; sourceTree = "<group>"; };
		FACDBBF41BA3BB5200744488 /* Artwork+Create.h */ = {isa = PBXFileReference; fileEncoding = 4; lastKnownFileType = sourcecode.c.h; path = "Artwork+Create.h"; sourceTree = "<group>"; };
		FACDBBF51BA3BB5200744488 /* Artwork+Create.m */ = {isa = PBXFileReference; fileEncoding = 4; lastKnownFileType = sourcecode.c.objc; path = "Artwork+Create.m"; sourceTree = "<group>"; };
		FAEB52871B48D14700D9361E /* Street Art Map.app */ = {isa = PBXFileReference; explicitFileType = wrapper.application; includeInIndex = 0; path = "Street Art Map.app"; sourceTree = BUILT_PRODUCTS_DIR; };
		FAEB528B1B48D14700D9361E /* Info.plist */ = {isa = PBXFileReference; lastKnownFileType = text.plist.xml; path = Info.plist; sourceTree = "<group>"; };
		FAEB528C1B48D14700D9361E /* main.m */ = {isa = PBXFileReference; lastKnownFileType = sourcecode.c.objc; path = main.m; sourceTree = "<group>"; };
		FAEB528E1B48D14700D9361E /* AppDelegate.h */ = {isa = PBXFileReference; lastKnownFileType = sourcecode.c.h; path = AppDelegate.h; sourceTree = "<group>"; };
		FAEB528F1B48D14700D9361E /* AppDelegate.m */ = {isa = PBXFileReference; lastKnownFileType = sourcecode.c.objc; path = AppDelegate.m; sourceTree = "<group>"; };
		FAEB52951B48D14700D9361E /* Base */ = {isa = PBXFileReference; lastKnownFileType = file.storyboard; name = Base; path = Base.lproj/Main.storyboard; sourceTree = "<group>"; };
		FAEB52971B48D14700D9361E /* Images.xcassets */ = {isa = PBXFileReference; lastKnownFileType = folder.assetcatalog; path = Images.xcassets; sourceTree = "<group>"; };
		FAEB529A1B48D14700D9361E /* Base */ = {isa = PBXFileReference; lastKnownFileType = file.xib; name = Base; path = Base.lproj/LaunchScreen.xib; sourceTree = "<group>"; };
		FAEB52A01B48D14900D9361E /* Street Art MapTests.xctest */ = {isa = PBXFileReference; explicitFileType = wrapper.cfbundle; includeInIndex = 0; path = "Street Art MapTests.xctest"; sourceTree = BUILT_PRODUCTS_DIR; };
		FAEB52A51B48D14900D9361E /* Info.plist */ = {isa = PBXFileReference; lastKnownFileType = text.plist.xml; path = Info.plist; sourceTree = "<group>"; };
		FAEB52A61B48D14900D9361E /* Street_Art_MapTests.m */ = {isa = PBXFileReference; lastKnownFileType = sourcecode.c.objc; path = Street_Art_MapTests.m; sourceTree = "<group>"; };
		FAEB52B31B48D1C500D9361E /* Model.xcdatamodel */ = {isa = PBXFileReference; lastKnownFileType = wrapper.xcdatamodel; path = Model.xcdatamodel; sourceTree = "<group>"; };
		FAEB52B91B4AAB1A00D9361E /* DatabaseAvailability.h */ = {isa = PBXFileReference; lastKnownFileType = sourcecode.c.h; path = DatabaseAvailability.h; sourceTree = "<group>"; };
/* End PBXFileReference section */

/* Begin PBXFrameworksBuildPhase section */
		FAEB52841B48D14700D9361E /* Frameworks */ = {
			isa = PBXFrameworksBuildPhase;
			buildActionMask = 2147483647;
			files = (
				FA5339E81B6EE9F7006C0F52 /* MapKit.framework in Frameworks */,
			);
			runOnlyForDeploymentPostprocessing = 0;
		};
		FAEB529D1B48D14900D9361E /* Frameworks */ = {
			isa = PBXFrameworksBuildPhase;
			buildActionMask = 2147483647;
			files = (
			);
			runOnlyForDeploymentPostprocessing = 0;
		};
/* End PBXFrameworksBuildPhase section */

/* Begin PBXGroup section */
		FA0FAA1F1C6564EC0023FC48 /* Custom Table View Cells */ = {
			isa = PBXGroup;
			children = (
				FA5339CD1B6655D1006C0F52 /* ArtworkTVC.h */,
				FA5339CE1B6655D1006C0F52 /* ArtworkTVC.m */,
				FA5339CF1B6655D1006C0F52 /* ArtworkTVC.xib */,
				FA4049641B7EBA6E0069144D /* ViewArtistTVC.h */,
				FA4049651B7EBA6E0069144D /* ViewArtistTVC.m */,
				FA4049661B7EBA6E0069144D /* ViewArtistTVC.xib */,
				FA315FB81BAE59B300BE5F02 /* SelectArtistTVC.h */,
				FA315FB91BAE59B300BE5F02 /* SelectArtistTVC.m */,
				FA315FBA1BAE59B300BE5F02 /* SelectArtistTVC.xib */,
			);
			name = "Custom Table View Cells";
			sourceTree = "<group>";
		};
		FA0FAA201C657B460023FC48 /* Helper Objects */ = {
			isa = PBXGroup;
			children = (
				FA5339C21B650B0F006C0F52 /* PhotoLibraryInterface.h */,
				FA5339C31B650B0F006C0F52 /* PhotoLibraryInterface.m */,
			);
			name = "Helper Objects";
			sourceTree = "<group>";
		};
		FABBF6751C420A79008DB672 /* GridInterface */ = {
			isa = PBXGroup;
			children = (
				FABBF6881C420A98008DB672 /* Model */,
				FABBF6891C420AA8008DB672 /* Controller */,
			);
			name = GridInterface;
			sourceTree = "<group>";
		};
		FABBF6881C420A98008DB672 /* Model */ = {
			isa = PBXGroup;
			children = (
				FABBF6761C420A8C008DB672 /* CodableObject.h */,
				FABBF6771C420A8C008DB672 /* CodableObject.m */,
				FABBF6781C420A8C008DB672 /* Grid.h */,
				FABBF6791C420A8C008DB672 /* Grid.m */,
				FABBF67A1C420A8C008DB672 /* GridOfObjects.h */,
				FABBF67B1C420A8C008DB672 /* GridOfObjects.m */,
				FABBF6801C420A8C008DB672 /* PositionStruct.h */,
				FABBF6811C420A8C008DB672 /* PositionStruct.m */,
			);
			name = Model;
			sourceTree = "<group>";
		};
		FABBF6891C420AA8008DB672 /* Controller */ = {
			isa = PBXGroup;
			children = (
				FABBF67C1C420A8C008DB672 /* GridVC.h */,
				FABBF67D1C420A8C008DB672 /* GridVC.m */,
				FABBF67E1C420A8C008DB672 /* NoScrollGridVC.h */,
				FABBF67F1C420A8C008DB672 /* NoScrollGridVC.m */,
			);
			name = Controller;
			sourceTree = "<group>";
		};
		FACDBBED1BA30A2100744488 /* Categories */ = {
			isa = PBXGroup;
			children = (
				FA0FAA211C65DFD60023FC48 /* UIAlertController+ConvinienceMethods.h */,
				FA0FAA221C65DFD60023FC48 /* UIAlertController+ConvinienceMethods.m */,
			);
			name = Categories;
			sourceTree = "<group>";
		};
		FAEB527E1B48D14700D9361E = {
			isa = PBXGroup;
			children = (
				FA5339E71B6EE9F7006C0F52 /* MapKit.framework */,
				FAEB52891B48D14700D9361E /* Street Art Map */,
				FAEB52A31B48D14900D9361E /* Street Art MapTests */,
				FAEB52881B48D14700D9361E /* Products */,
			);
			sourceTree = "<group>";
		};
		FAEB52881B48D14700D9361E /* Products */ = {
			isa = PBXGroup;
			children = (
				FAEB52871B48D14700D9361E /* Street Art Map.app */,
				FAEB52A01B48D14900D9361E /* Street Art MapTests.xctest */,
			);
			name = Products;
			sourceTree = "<group>";
		};
		FAEB52891B48D14700D9361E /* Street Art Map */ = {
			isa = PBXGroup;
			children = (
				FABBF6751C420A79008DB672 /* GridInterface */,
				FACDBBED1BA30A2100744488 /* Categories */,
				FA0FAA201C657B460023FC48 /* Helper Objects */,
				FAEB52B11B48D17F00D9361E /* Controller */,
				FAEB52B01B48D17500D9361E /* View */,
				FAEB52B51B48D1CE00D9361E /* Model */,
				FAEB52971B48D14700D9361E /* Images.xcassets */,
				FAEB528A1B48D14700D9361E /* Supporting Files */,
			);
			path = "Street Art Map";
			sourceTree = "<group>";
		};
		FAEB528A1B48D14700D9361E /* Supporting Files */ = {
			isa = PBXGroup;
			children = (
				FAEB528B1B48D14700D9361E /* Info.plist */,
				FAEB528C1B48D14700D9361E /* main.m */,
			);
			name = "Supporting Files";
			sourceTree = "<group>";
		};
		FAEB52A31B48D14900D9361E /* Street Art MapTests */ = {
			isa = PBXGroup;
			children = (
				FAEB52A61B48D14900D9361E /* Street_Art_MapTests.m */,
				FAEB52A41B48D14900D9361E /* Supporting Files */,
			);
			path = "Street Art MapTests";
			sourceTree = "<group>";
		};
		FAEB52A41B48D14900D9361E /* Supporting Files */ = {
			isa = PBXGroup;
			children = (
				FAEB52A51B48D14900D9361E /* Info.plist */,
			);
			name = "Supporting Files";
			sourceTree = "<group>";
		};
		FAEB52B01B48D17500D9361E /* View */ = {
			isa = PBXGroup;
			children = (
				FAEB52991B48D14700D9361E /* LaunchScreen.xib */,
				FAEB52941B48D14700D9361E /* Main.storyboard */,
				FA315FC01BAE852400BE5F02 /* ArtworkImageView.h */,
				FA315FC11BAE852400BE5F02 /* ArtworkImageView.m */,
				FA0FAA1F1C6564EC0023FC48 /* Custom Table View Cells */,
			);
			name = View;
			sourceTree = "<group>";
		};
		FAEB52B11B48D17F00D9361E /* Controller */ = {
			isa = PBXGroup;
			children = (
				FAEB52B91B4AAB1A00D9361E /* DatabaseAvailability.h */,
				FAEB528E1B48D14700D9361E /* AppDelegate.h */,
				FAEB528F1B48D14700D9361E /* AppDelegate.m */,
				FAC2C7631B50B83200DE31A5 /* CoreDataTableViewController.h */,
				FAC2C7641B50B83200DE31A5 /* CoreDataTableViewController.m */,
				FA0EB1111B649F110034FD18 /* ListOfArtworksCDTVC.h */,
				FA0EB1121B649F110034FD18 /* ListOfArtworksCDTVC.m */,
				FAC2C7661B50DE5900DE31A5 /* RecentsCDTVC.h */,
				FAC2C7671B50DE5900DE31A5 /* RecentsCDTVC.m */,
				FAC2C7691B50E87700DE31A5 /* AddAndViewArtworkVC.h */,
				FAC2C76A1B50E87700DE31A5 /* AddAndViewArtworkVC.m */,
				FAC2C76C1B51E44800DE31A5 /* ArtistsCDTVC.h */,
				FAC2C76D1B51E44800DE31A5 /* ArtistsCDTVC.m */,
				FA5339D21B6DAA2F006C0F52 /* ArtworkMapVC.h */,
				FA5339D31B6DAA2F006C0F52 /* ArtworkMapVC.m */,
			);
			name = Controller;
			sourceTree = "<group>";
		};
		FAEB52B51B48D1CE00D9361E /* Model */ = {
			isa = PBXGroup;
			children = (
				FAEB52B21B48D1C500D9361E /* Model.xcdatamodeld */,
				FA40492E1B75CAC90069144D /* Artist.h */,
				FA40492F1B75CAC90069144D /* Artist.m */,
				FA40494A1B7734630069144D /* Artist+Create.h */,
				FA40494B1B7734630069144D /* Artist+Create.m */,
				FA4049471B7732E20069144D /* Artist+Equality.h */,
				FA4049481B7732E20069144D /* Artist+Equality.m */,
				FA40492B1B75CAC90069144D /* Location.h */,
				FA40492C1B75CAC90069144D /* Location.m */,
				FA315FC51BB7A83900BE5F02 /* Location+Create.h */,
				FA315FC61BB7A83900BE5F02 /* Location+Create.m */,
				FA4049281B75CAC80069144D /* Artwork.h */,
				FA4049291B75CAC80069144D /* Artwork.m */,
				FACDBBF41BA3BB5200744488 /* Artwork+Create.h */,
				FACDBBF51BA3BB5200744488 /* Artwork+Create.m */,
				FA5339E11B6EE32E006C0F52 /* Artwork+Annotation.h */,
				FA5339E21B6EE32E006C0F52 /* Artwork+Annotation.m */,
			);
			name = Model;
			sourceTree = "<group>";
		};
/* End PBXGroup section */

/* Begin PBXNativeTarget section */
		FAEB52861B48D14700D9361E /* Street Art Map */ = {
			isa = PBXNativeTarget;
			buildConfigurationList = FAEB52AA1B48D14900D9361E /* Build configuration list for PBXNativeTarget "Street Art Map" */;
			buildPhases = (
				FAEB52831B48D14700D9361E /* Sources */,
				FAEB52841B48D14700D9361E /* Frameworks */,
				FAEB52851B48D14700D9361E /* Resources */,
			);
			buildRules = (
			);
			dependencies = (
			);
			name = "Street Art Map";
			productName = "Street Art Map";
			productReference = FAEB52871B48D14700D9361E /* Street Art Map.app */;
			productType = "com.apple.product-type.application";
		};
		FAEB529F1B48D14900D9361E /* Street Art MapTests */ = {
			isa = PBXNativeTarget;
			buildConfigurationList = FAEB52AD1B48D14900D9361E /* Build configuration list for PBXNativeTarget "Street Art MapTests" */;
			buildPhases = (
				FAEB529C1B48D14900D9361E /* Sources */,
				FAEB529D1B48D14900D9361E /* Frameworks */,
				FAEB529E1B48D14900D9361E /* Resources */,
			);
			buildRules = (
			);
			dependencies = (
				FAEB52A21B48D14900D9361E /* PBXTargetDependency */,
			);
			name = "Street Art MapTests";
			productName = "Street Art MapTests";
			productReference = FAEB52A01B48D14900D9361E /* Street Art MapTests.xctest */;
			productType = "com.apple.product-type.bundle.unit-test";
		};
/* End PBXNativeTarget section */

/* Begin PBXProject section */
		FAEB527F1B48D14700D9361E /* Project object */ = {
			isa = PBXProject;
			attributes = {
				LastUpgradeCheck = 0630;
				ORGANIZATIONNAME = "Alex Smith";
				TargetAttributes = {
					FAEB52861B48D14700D9361E = {
						CreatedOnToolsVersion = 6.3.1;
						DevelopmentTeam = 37CCTH6C4V;
						SystemCapabilities = {
							com.apple.Maps.iOS = {
								enabled = 1;
							};
						};
					};
					FAEB529F1B48D14900D9361E = {
						CreatedOnToolsVersion = 6.3.1;
						TestTargetID = FAEB52861B48D14700D9361E;
					};
				};
			};
			buildConfigurationList = FAEB52821B48D14700D9361E /* Build configuration list for PBXProject "Street Art Map" */;
			compatibilityVersion = "Xcode 3.2";
			developmentRegion = English;
			hasScannedForEncodings = 0;
			knownRegions = (
				en,
				Base,
			);
			mainGroup = FAEB527E1B48D14700D9361E;
			productRefGroup = FAEB52881B48D14700D9361E /* Products */;
			projectDirPath = "";
			projectRoot = "";
			targets = (
				FAEB52861B48D14700D9361E /* Street Art Map */,
				FAEB529F1B48D14900D9361E /* Street Art MapTests */,
			);
		};
/* End PBXProject section */

/* Begin PBXResourcesBuildPhase section */
		FAEB52851B48D14700D9361E /* Resources */ = {
			isa = PBXResourcesBuildPhase;
			buildActionMask = 2147483647;
			files = (
				FA4049681B7EBA6E0069144D /* ViewArtistTVC.xib in Resources */,
				FAEB52961B48D14700D9361E /* Main.storyboard in Resources */,
				FAEB529B1B48D14700D9361E /* LaunchScreen.xib in Resources */,
				FA5339D11B6655D1006C0F52 /* ArtworkTVC.xib in Resources */,
				FA315FBC1BAE59B300BE5F02 /* SelectArtistTVC.xib in Resources */,
				FAEB52981B48D14700D9361E /* Images.xcassets in Resources */,
			);
			runOnlyForDeploymentPostprocessing = 0;
		};
		FAEB529E1B48D14900D9361E /* Resources */ = {
			isa = PBXResourcesBuildPhase;
			buildActionMask = 2147483647;
			files = (
			);
			runOnlyForDeploymentPostprocessing = 0;
		};
/* End PBXResourcesBuildPhase section */

/* Begin PBXSourcesBuildPhase section */
		FAEB52831B48D14700D9361E /* Sources */ = {
			isa = PBXSourcesBuildPhase;
			buildActionMask = 2147483647;
			files = (
				FACDBBF61BA3BB5200744488 /* Artwork+Create.m in Sources */,
				FAEB52901B48D14700D9361E /* AppDelegate.m in Sources */,
				FAC2C7651B50B83200DE31A5 /* CoreDataTableViewController.m in Sources */,
				FA4049301B75CAC90069144D /* Artist.m in Sources */,
				FABBF6871C420A8C008DB672 /* PositionStruct.m in Sources */,
				FAC2C76E1B51E44800DE31A5 /* ArtistsCDTVC.m in Sources */,
				FABBF6851C420A8C008DB672 /* GridVC.m in Sources */,
				FA5339D01B6655D1006C0F52 /* ArtworkTVC.m in Sources */,
				FA0EB1131B649F110034FD18 /* ListOfArtworksCDTVC.m in Sources */,
				FABBF6821C420A8C008DB672 /* CodableObject.m in Sources */,
				FABBF6841C420A8C008DB672 /* GridOfObjects.m in Sources */,
				FA4049491B7732E20069144D /* Artist+Equality.m in Sources */,
				FA315FBB1BAE59B300BE5F02 /* SelectArtistTVC.m in Sources */,
				FAEB528D1B48D14700D9361E /* main.m in Sources */,
				FA40492A1B75CAC80069144D /* Artwork.m in Sources */,
				FABBF6831C420A8C008DB672 /* Grid.m in Sources */,
				FA5339C41B650B0F006C0F52 /* PhotoLibraryInterface.m in Sources */,
				FA5339D41B6DAA2F006C0F52 /* ArtworkMapVC.m in Sources */,
				FAEB52B41B48D1C500D9361E /* Model.xcdatamodeld in Sources */,
				FA315FC71BB7A83900BE5F02 /* Location+Create.m in Sources */,
				FA315FC21BAE852400BE5F02 /* ArtworkImageView.m in Sources */,
				FAC2C76B1B50E87700DE31A5 /* AddAndViewArtworkVC.m in Sources */,
				FAC2C7681B50DE5900DE31A5 /* RecentsCDTVC.m in Sources */,
				FA40492D1B75CAC90069144D /* Location.m in Sources */,
				FA5339E31B6EE32E006C0F52 /* Artwork+Annotation.m in Sources */,
				FA4049671B7EBA6E0069144D /* ViewArtistTVC.m in Sources */,
				FA40494C1B7734630069144D /* Artist+Create.m in Sources */,
				FABBF6861C420A8C008DB672 /* NoScrollGridVC.m in Sources */,
				FA0FAA231C65DFD60023FC48 /* UIAlertController+ConvinienceMethods.m in Sources */,
			);
			runOnlyForDeploymentPostprocessing = 0;
		};
		FAEB529C1B48D14900D9361E /* Sources */ = {
			isa = PBXSourcesBuildPhase;
			buildActionMask = 2147483647;
			files = (
				FAEB52A71B48D14900D9361E /* Street_Art_MapTests.m in Sources */,
			);
			runOnlyForDeploymentPostprocessing = 0;
		};
/* End PBXSourcesBuildPhase section */

/* Begin PBXTargetDependency section */
		FAEB52A21B48D14900D9361E /* PBXTargetDependency */ = {
			isa = PBXTargetDependency;
			target = FAEB52861B48D14700D9361E /* Street Art Map */;
			targetProxy = FAEB52A11B48D14900D9361E /* PBXContainerItemProxy */;
		};
/* End PBXTargetDependency section */

/* Begin PBXVariantGroup section */
		FAEB52941B48D14700D9361E /* Main.storyboard */ = {
			isa = PBXVariantGroup;
			children = (
				FAEB52951B48D14700D9361E /* Base */,
			);
			name = Main.storyboard;
			sourceTree = "<group>";
		};
		FAEB52991B48D14700D9361E /* LaunchScreen.xib */ = {
			isa = PBXVariantGroup;
			children = (
				FAEB529A1B48D14700D9361E /* Base */,
			);
			name = LaunchScreen.xib;
			sourceTree = "<group>";
		};
/* End PBXVariantGroup section */

/* Begin XCBuildConfiguration section */
		FAEB52A81B48D14900D9361E /* Debug */ = {
			isa = XCBuildConfiguration;
			buildSettings = {
				ALWAYS_SEARCH_USER_PATHS = NO;
				CLANG_CXX_LANGUAGE_STANDARD = "gnu++0x";
				CLANG_CXX_LIBRARY = "libc++";
				CLANG_ENABLE_MODULES = YES;
				CLANG_ENABLE_OBJC_ARC = YES;
				CLANG_WARN_BOOL_CONVERSION = YES;
				CLANG_WARN_CONSTANT_CONVERSION = YES;
				CLANG_WARN_DIRECT_OBJC_ISA_USAGE = YES_ERROR;
				CLANG_WARN_EMPTY_BODY = YES;
				CLANG_WARN_ENUM_CONVERSION = YES;
				CLANG_WARN_INT_CONVERSION = YES;
				CLANG_WARN_OBJC_ROOT_CLASS = YES_ERROR;
				CLANG_WARN_UNREACHABLE_CODE = YES;
				CLANG_WARN__DUPLICATE_METHOD_MATCH = YES;
				"CODE_SIGN_IDENTITY[sdk=iphoneos*]" = "iPhone Developer";
				COPY_PHASE_STRIP = NO;
				DEBUG_INFORMATION_FORMAT = "dwarf-with-dsym";
				ENABLE_STRICT_OBJC_MSGSEND = YES;
				GCC_C_LANGUAGE_STANDARD = gnu99;
				GCC_DYNAMIC_NO_PIC = NO;
				GCC_NO_COMMON_BLOCKS = YES;
				GCC_OPTIMIZATION_LEVEL = 0;
				GCC_PREPROCESSOR_DEFINITIONS = (
					"DEBUG=1",
					"$(inherited)",
				);
				GCC_SYMBOLS_PRIVATE_EXTERN = NO;
				GCC_WARN_64_TO_32_BIT_CONVERSION = YES;
				GCC_WARN_ABOUT_RETURN_TYPE = YES_ERROR;
				GCC_WARN_UNDECLARED_SELECTOR = YES;
				GCC_WARN_UNINITIALIZED_AUTOS = YES_AGGRESSIVE;
				GCC_WARN_UNUSED_FUNCTION = YES;
				GCC_WARN_UNUSED_VARIABLE = YES;
				IPHONEOS_DEPLOYMENT_TARGET = 8.2;
				MTL_ENABLE_DEBUG_INFO = YES;
				ONLY_ACTIVE_ARCH = YES;
				SDKROOT = iphoneos;
				TARGETED_DEVICE_FAMILY = "1,2";
			};
			name = Debug;
		};
		FAEB52A91B48D14900D9361E /* Release */ = {
			isa = XCBuildConfiguration;
			buildSettings = {
				ALWAYS_SEARCH_USER_PATHS = NO;
				CLANG_CXX_LANGUAGE_STANDARD = "gnu++0x";
				CLANG_CXX_LIBRARY = "libc++";
				CLANG_ENABLE_MODULES = YES;
				CLANG_ENABLE_OBJC_ARC = YES;
				CLANG_WARN_BOOL_CONVERSION = YES;
				CLANG_WARN_CONSTANT_CONVERSION = YES;
				CLANG_WARN_DIRECT_OBJC_ISA_USAGE = YES_ERROR;
				CLANG_WARN_EMPTY_BODY = YES;
				CLANG_WARN_ENUM_CONVERSION = YES;
				CLANG_WARN_INT_CONVERSION = YES;
				CLANG_WARN_OBJC_ROOT_CLASS = YES_ERROR;
				CLANG_WARN_UNREACHABLE_CODE = YES;
				CLANG_WARN__DUPLICATE_METHOD_MATCH = YES;
				"CODE_SIGN_IDENTITY[sdk=iphoneos*]" = "iPhone Developer";
				COPY_PHASE_STRIP = NO;
				DEBUG_INFORMATION_FORMAT = "dwarf-with-dsym";
				ENABLE_NS_ASSERTIONS = NO;
				ENABLE_STRICT_OBJC_MSGSEND = YES;
				GCC_C_LANGUAGE_STANDARD = gnu99;
				GCC_NO_COMMON_BLOCKS = YES;
				GCC_WARN_64_TO_32_BIT_CONVERSION = YES;
				GCC_WARN_ABOUT_RETURN_TYPE = YES_ERROR;
				GCC_WARN_UNDECLARED_SELECTOR = YES;
				GCC_WARN_UNINITIALIZED_AUTOS = YES_AGGRESSIVE;
				GCC_WARN_UNUSED_FUNCTION = YES;
				GCC_WARN_UNUSED_VARIABLE = YES;
				IPHONEOS_DEPLOYMENT_TARGET = 8.2;
				MTL_ENABLE_DEBUG_INFO = NO;
				SDKROOT = iphoneos;
				TARGETED_DEVICE_FAMILY = "1,2";
				VALIDATE_PRODUCT = YES;
			};
			name = Release;
		};
		FAEB52AB1B48D14900D9361E /* Debug */ = {
			isa = XCBuildConfiguration;
			buildSettings = {
				ASSETCATALOG_COMPILER_APPICON_NAME = AppIcon;
				CODE_SIGN_IDENTITY = "iPhone Developer";
				INFOPLIST_FILE = "Street Art Map/Info.plist";
				IPHONEOS_DEPLOYMENT_TARGET = 8.2;
				LD_RUNPATH_SEARCH_PATHS = "$(inherited) @executable_path/Frameworks";
				PRODUCT_NAME = "$(TARGET_NAME)";
				TARGETED_DEVICE_FAMILY = "1,2";
			};
			name = Debug;
		};
		FAEB52AC1B48D14900D9361E /* Release */ = {
			isa = XCBuildConfiguration;
			buildSettings = {
				ASSETCATALOG_COMPILER_APPICON_NAME = AppIcon;
				CODE_SIGN_IDENTITY = "iPhone Developer";
				INFOPLIST_FILE = "Street Art Map/Info.plist";
				IPHONEOS_DEPLOYMENT_TARGET = 8.2;
				LD_RUNPATH_SEARCH_PATHS = "$(inherited) @executable_path/Frameworks";
				PRODUCT_NAME = "$(TARGET_NAME)";
				TARGETED_DEVICE_FAMILY = "1,2";
			};
			name = Release;
		};
		FAEB52AE1B48D14900D9361E /* Debug */ = {
			isa = XCBuildConfiguration;
			buildSettings = {
				BUNDLE_LOADER = "$(TEST_HOST)";
				FRAMEWORK_SEARCH_PATHS = (
					"$(SDKROOT)/Developer/Library/Frameworks",
					"$(inherited)",
				);
				GCC_PREPROCESSOR_DEFINITIONS = (
					"DEBUG=1",
					"$(inherited)",
				);
				INFOPLIST_FILE = "Street Art MapTests/Info.plist";
				LD_RUNPATH_SEARCH_PATHS = "$(inherited) @executable_path/Frameworks @loader_path/Frameworks";
				PRODUCT_NAME = "$(TARGET_NAME)";
				TEST_HOST = "$(BUILT_PRODUCTS_DIR)/Street Art Map.app/Street Art Map";
			};
			name = Debug;
		};
		FAEB52AF1B48D14900D9361E /* Release */ = {
			isa = XCBuildConfiguration;
			buildSettings = {
				BUNDLE_LOADER = "$(TEST_HOST)";
				FRAMEWORK_SEARCH_PATHS = (
					"$(SDKROOT)/Developer/Library/Frameworks",
					"$(inherited)",
				);
				INFOPLIST_FILE = "Street Art MapTests/Info.plist";
				LD_RUNPATH_SEARCH_PATHS = "$(inherited) @executable_path/Frameworks @loader_path/Frameworks";
				PRODUCT_NAME = "$(TARGET_NAME)";
				TEST_HOST = "$(BUILT_PRODUCTS_DIR)/Street Art Map.app/Street Art Map";
			};
			name = Release;
		};
/* End XCBuildConfiguration section */

/* Begin XCConfigurationList section */
		FAEB52821B48D14700D9361E /* Build configuration list for PBXProject "Street Art Map" */ = {
			isa = XCConfigurationList;
			buildConfigurations = (
				FAEB52A81B48D14900D9361E /* Debug */,
				FAEB52A91B48D14900D9361E /* Release */,
			);
			defaultConfigurationIsVisible = 0;
			defaultConfigurationName = Release;
		};
		FAEB52AA1B48D14900D9361E /* Build configuration list for PBXNativeTarget "Street Art Map" */ = {
			isa = XCConfigurationList;
			buildConfigurations = (
				FAEB52AB1B48D14900D9361E /* Debug */,
				FAEB52AC1B48D14900D9361E /* Release */,
			);
			defaultConfigurationIsVisible = 0;
			defaultConfigurationName = Release;
		};
		FAEB52AD1B48D14900D9361E /* Build configuration list for PBXNativeTarget "Street Art MapTests" */ = {
			isa = XCConfigurationList;
			buildConfigurations = (
				FAEB52AE1B48D14900D9361E /* Debug */,
				FAEB52AF1B48D14900D9361E /* Release */,
			);
			defaultConfigurationIsVisible = 0;
			defaultConfigurationName = Release;
		};
/* End XCConfigurationList section */

/* Begin XCVersionGroup section */
		FAEB52B21B48D1C500D9361E /* Model.xcdatamodeld */ = {
			isa = XCVersionGroup;
			children = (
				FAEB52B31B48D1C500D9361E /* Model.xcdatamodel */,
			);
			currentVersion = FAEB52B31B48D1C500D9361E /* Model.xcdatamodel */;
			path = Model.xcdatamodeld;
			sourceTree = "<group>";
			versionGroupType = wrapper.xcdatamodel;
		};
/* End XCVersionGroup section */
	};
	rootObject = FAEB527F1B48D14700D9361E /* Project object */;
}
