// !$*UTF8*$!
{
	archiveVersion = 1;
	classes = {
	};
	objectVersion = 46;
	objects = {

/* Begin PBXBuildFile section */
		FA0EB1131B649F110034FD18 /* ListOfArtworksCDTVC.m in Sources */ = {isa = PBXBuildFile; fileRef = FA0EB1121B649F110034FD18 /* ListOfArtworksCDTVC.m */; };
		FA0FAA231C65DFD60023FC48 /* UIAlertController+ConvinienceMethods.m in Sources */ = {isa = PBXBuildFile; fileRef = FA0FAA221C65DFD60023FC48 /* UIAlertController+ConvinienceMethods.m */; settings = {ASSET_TAGS = (); }; };
		FA0FAA6F1C68BBC00023FC48 /* DoubleTapToZoomScrollViewDelegate.m in Sources */ = {isa = PBXBuildFile; fileRef = FA0FAA6E1C68BBC00023FC48 /* DoubleTapToZoomScrollViewDelegate.m */; settings = {ASSET_TAGS = (); }; };
		FA40492A1B75CAC80069144D /* Artwork.m in Sources */ = {isa = PBXBuildFile; fileRef = FA4049291B75CAC80069144D /* Artwork.m */; };
		FA4049301B75CAC90069144D /* Artist.m in Sources */ = {isa = PBXBuildFile; fileRef = FA40492F1B75CAC90069144D /* Artist.m */; };
		FA43A6941C70613D00015D5F /* ImageFileLocation.m in Sources */ = {isa = PBXBuildFile; fileRef = FA43A68E1C70613D00015D5F /* ImageFileLocation.m */; settings = {ASSET_TAGS = (); }; };
		FA43A6DB1C7097BC00015D5F /* ImageFileLocation+CoreDataProperties.m in Sources */ = {isa = PBXBuildFile; fileRef = FA43A6D51C7097BC00015D5F /* ImageFileLocation+CoreDataProperties.m */; settings = {ASSET_TAGS = (); }; };
		FA43A6DC1C7097BC00015D5F /* Artwork+CoreDataProperties.m in Sources */ = {isa = PBXBuildFile; fileRef = FA43A6D71C7097BC00015D5F /* Artwork+CoreDataProperties.m */; settings = {ASSET_TAGS = (); }; };
		FA43A6DD1C7097BC00015D5F /* Artist+CoreDataProperties.m in Sources */ = {isa = PBXBuildFile; fileRef = FA43A6D91C7097BC00015D5F /* Artist+CoreDataProperties.m */; settings = {ASSET_TAGS = (); }; };
		FA43A6E31C75C84E00015D5F /* SelectArtistCDTVC.m in Sources */ = {isa = PBXBuildFile; fileRef = FA43A6E21C75C84E00015D5F /* SelectArtistCDTVC.m */; settings = {ASSET_TAGS = (); }; };
		FA43A6E91C77F9A900015D5F /* TestDataLoader.m in Sources */ = {isa = PBXBuildFile; fileRef = FA43A6E81C77F9A900015D5F /* TestDataLoader.m */; settings = {ASSET_TAGS = (); }; };
		FA5339C41B650B0F006C0F52 /* PhotoLibraryInterface.m in Sources */ = {isa = PBXBuildFile; fileRef = FA5339C31B650B0F006C0F52 /* PhotoLibraryInterface.m */; };
		FA5339D01B6655D1006C0F52 /* ArtworkTVC.m in Sources */ = {isa = PBXBuildFile; fileRef = FA5339CE1B6655D1006C0F52 /* ArtworkTVC.m */; };
		FA5339D11B6655D1006C0F52 /* ArtworkTVC.xib in Resources */ = {isa = PBXBuildFile; fileRef = FA5339CF1B6655D1006C0F52 /* ArtworkTVC.xib */; };
		FA5339D41B6DAA2F006C0F52 /* ArtworkMapVC.m in Sources */ = {isa = PBXBuildFile; fileRef = FA5339D31B6DAA2F006C0F52 /* ArtworkMapVC.m */; };
		FA5339E81B6EE9F7006C0F52 /* MapKit.framework in Frameworks */ = {isa = PBXBuildFile; fileRef = FA5339E71B6EE9F7006C0F52 /* MapKit.framework */; };
		FAB678631C8D85A900FFBFA1 /* CoreDataCollectionViewController.m in Sources */ = {isa = PBXBuildFile; fileRef = FAB678621C8D85A900FFBFA1 /* CoreDataCollectionViewController.m */; settings = {ASSET_TAGS = (); }; };
		FAB678671C8D88A500FFBFA1 /* ArtworkCollectionViewCell.m in Sources */ = {isa = PBXBuildFile; fileRef = FAB678661C8D88A500FFBFA1 /* ArtworkCollectionViewCell.m */; settings = {ASSET_TAGS = (); }; };
		FAB6786B1C902BB900FFBFA1 /* ArtistsCDCVC.m in Sources */ = {isa = PBXBuildFile; fileRef = FAB6786A1C902BB900FFBFA1 /* ArtistsCDCVC.m */; settings = {ASSET_TAGS = (); }; };
		FAB8A2B41C917331000229C7 /* ImageZoomCollectionViewCell.m in Sources */ = {isa = PBXBuildFile; fileRef = FAB8A2B31C917331000229C7 /* ImageZoomCollectionViewCell.m */; settings = {ASSET_TAGS = (); }; };
		FAB8A2BA1C917746000229C7 /* AddImageCollectionViewCell.m in Sources */ = {isa = PBXBuildFile; fileRef = FAB8A2B91C917746000229C7 /* AddImageCollectionViewCell.m */; settings = {ASSET_TAGS = (); }; };
		FAC2C7651B50B83200DE31A5 /* CoreDataTableViewController.m in Sources */ = {isa = PBXBuildFile; fileRef = FAC2C7641B50B83200DE31A5 /* CoreDataTableViewController.m */; };
		FAC2C7681B50DE5900DE31A5 /* RecentsCDTVC.m in Sources */ = {isa = PBXBuildFile; fileRef = FAC2C7671B50DE5900DE31A5 /* RecentsCDTVC.m */; };
		FAC2C76B1B50E87700DE31A5 /* AddAndViewArtworkVC.m in Sources */ = {isa = PBXBuildFile; fileRef = FAC2C76A1B50E87700DE31A5 /* AddAndViewArtworkVC.m */; };
		FAD056131CA4A8020024693B /* ImageAnnotationView.m in Sources */ = {isa = PBXBuildFile; fileRef = FAD056121CA4A8020024693B /* ImageAnnotationView.m */; settings = {ASSET_TAGS = (); }; };
		FAEB528D1B48D14700D9361E /* main.m in Sources */ = {isa = PBXBuildFile; fileRef = FAEB528C1B48D14700D9361E /* main.m */; };
		FAEB52901B48D14700D9361E /* AppDelegate.m in Sources */ = {isa = PBXBuildFile; fileRef = FAEB528F1B48D14700D9361E /* AppDelegate.m */; };
		FAEB52961B48D14700D9361E /* Main.storyboard in Resources */ = {isa = PBXBuildFile; fileRef = FAEB52941B48D14700D9361E /* Main.storyboard */; };
		FAEB52981B48D14700D9361E /* Images.xcassets in Resources */ = {isa = PBXBuildFile; fileRef = FAEB52971B48D14700D9361E /* Images.xcassets */; };
		FAEB529B1B48D14700D9361E /* LaunchScreen.xib in Resources */ = {isa = PBXBuildFile; fileRef = FAEB52991B48D14700D9361E /* LaunchScreen.xib */; };
		FAEB52A71B48D14900D9361E /* Street_Art_MapTests.m in Sources */ = {isa = PBXBuildFile; fileRef = FAEB52A61B48D14900D9361E /* Street_Art_MapTests.m */; };
		FAEB52B41B48D1C500D9361E /* Model.xcdatamodeld in Sources */ = {isa = PBXBuildFile; fileRef = FAEB52B21B48D1C500D9361E /* Model.xcdatamodeld */; };
/* End PBXBuildFile section */

/* Begin PBXContainerItemProxy section */
		FAEB52A11B48D14900D9361E /* PBXContainerItemProxy */ = {
			isa = PBXContainerItemProxy;
			containerPortal = FAEB527F1B48D14700D9361E /* Project object */;
			proxyType = 1;
			remoteGlobalIDString = FAEB52861B48D14700D9361E;
			remoteInfo = "Street Art Map";
		};
/* End PBXContainerItemProxy section */

/* Begin PBXFileReference section */
		FA0EB1111B649F110034FD18 /* ListOfArtworksCDTVC.h */ = {isa = PBXFileReference; fileEncoding = 4; lastKnownFileType = sourcecode.c.h; path = ListOfArtworksCDTVC.h; sourceTree = "<group>"; };
		FA0EB1121B649F110034FD18 /* ListOfArtworksCDTVC.m */ = {isa = PBXFileReference; fileEncoding = 4; lastKnownFileType = sourcecode.c.objc; path = ListOfArtworksCDTVC.m; sourceTree = "<group>"; };
		FA0FAA211C65DFD60023FC48 /* UIAlertController+ConvinienceMethods.h */ = {isa = PBXFileReference; fileEncoding = 4; lastKnownFileType = sourcecode.c.h; path = "UIAlertController+ConvinienceMethods.h"; sourceTree = "<group>"; };
		FA0FAA221C65DFD60023FC48 /* UIAlertController+ConvinienceMethods.m */ = {isa = PBXFileReference; fileEncoding = 4; lastKnownFileType = sourcecode.c.objc; path = "UIAlertController+ConvinienceMethods.m"; sourceTree = "<group>"; };
		FA0FAA6D1C68BBC00023FC48 /* DoubleTapToZoomScrollViewDelegate.h */ = {isa = PBXFileReference; fileEncoding = 4; lastKnownFileType = sourcecode.c.h; path = DoubleTapToZoomScrollViewDelegate.h; sourceTree = "<group>"; };
		FA0FAA6E1C68BBC00023FC48 /* DoubleTapToZoomScrollViewDelegate.m */ = {isa = PBXFileReference; fileEncoding = 4; lastKnownFileType = sourcecode.c.objc; path = DoubleTapToZoomScrollViewDelegate.m; sourceTree = "<group>"; };
		FA4049281B75CAC80069144D /* Artwork.h */ = {isa = PBXFileReference; fileEncoding = 4; lastKnownFileType = sourcecode.c.h; path = Artwork.h; sourceTree = "<group>"; };
		FA4049291B75CAC80069144D /* Artwork.m */ = {isa = PBXFileReference; fileEncoding = 4; lastKnownFileType = sourcecode.c.objc; path = Artwork.m; sourceTree = "<group>"; };
		FA40492E1B75CAC90069144D /* Artist.h */ = {isa = PBXFileReference; fileEncoding = 4; lastKnownFileType = sourcecode.c.h; path = Artist.h; sourceTree = "<group>"; };
		FA40492F1B75CAC90069144D /* Artist.m */ = {isa = PBXFileReference; fileEncoding = 4; lastKnownFileType = sourcecode.c.objc; path = Artist.m; sourceTree = "<group>"; };
		FA43A68D1C70613D00015D5F /* ImageFileLocation.h */ = {isa = PBXFileReference; fileEncoding = 4; lastKnownFileType = sourcecode.c.h; path = ImageFileLocation.h; sourceTree = "<group>"; };
		FA43A68E1C70613D00015D5F /* ImageFileLocation.m */ = {isa = PBXFileReference; fileEncoding = 4; lastKnownFileType = sourcecode.c.objc; path = ImageFileLocation.m; sourceTree = "<group>"; };
		FA43A6D41C7097BC00015D5F /* ImageFileLocation+CoreDataProperties.h */ = {isa = PBXFileReference; fileEncoding = 4; lastKnownFileType = sourcecode.c.h; path = "ImageFileLocation+CoreDataProperties.h"; sourceTree = "<group>"; };
		FA43A6D51C7097BC00015D5F /* ImageFileLocation+CoreDataProperties.m */ = {isa = PBXFileReference; fileEncoding = 4; lastKnownFileType = sourcecode.c.objc; path = "ImageFileLocation+CoreDataProperties.m"; sourceTree = "<group>"; };
		FA43A6D61C7097BC00015D5F /* Artwork+CoreDataProperties.h */ = {isa = PBXFileReference; fileEncoding = 4; lastKnownFileType = sourcecode.c.h; path = "Artwork+CoreDataProperties.h"; sourceTree = "<group>"; };
		FA43A6D71C7097BC00015D5F /* Artwork+CoreDataProperties.m */ = {isa = PBXFileReference; fileEncoding = 4; lastKnownFileType = sourcecode.c.objc; path = "Artwork+CoreDataProperties.m"; sourceTree = "<group>"; };
		FA43A6D81C7097BC00015D5F /* Artist+CoreDataProperties.h */ = {isa = PBXFileReference; fileEncoding = 4; lastKnownFileType = sourcecode.c.h; path = "Artist+CoreDataProperties.h"; sourceTree = "<group>"; };
		FA43A6D91C7097BC00015D5F /* Artist+CoreDataProperties.m */ = {isa = PBXFileReference; fileEncoding = 4; lastKnownFileType = sourcecode.c.objc; path = "Artist+CoreDataProperties.m"; sourceTree = "<group>"; };
		FA43A6E11C75C84E00015D5F /* SelectArtistCDTVC.h */ = {isa = PBXFileReference; fileEncoding = 4; lastKnownFileType = sourcecode.c.h; path = SelectArtistCDTVC.h; sourceTree = "<group>"; };
		FA43A6E21C75C84E00015D5F /* SelectArtistCDTVC.m */ = {isa = PBXFileReference; fileEncoding = 4; lastKnownFileType = sourcecode.c.objc; path = SelectArtistCDTVC.m; sourceTree = "<group>"; };
		FA43A6E71C77F9A900015D5F /* TestDataLoader.h */ = {isa = PBXFileReference; fileEncoding = 4; lastKnownFileType = sourcecode.c.h; path = TestDataLoader.h; sourceTree = "<group>"; };
		FA43A6E81C77F9A900015D5F /* TestDataLoader.m */ = {isa = PBXFileReference; fileEncoding = 4; lastKnownFileType = sourcecode.c.objc; path = TestDataLoader.m; sourceTree = "<group>"; };
		FA5339C21B650B0F006C0F52 /* PhotoLibraryInterface.h */ = {isa = PBXFileReference; fileEncoding = 4; lastKnownFileType = sourcecode.c.h; path = PhotoLibraryInterface.h; sourceTree = "<group>"; };
		FA5339C31B650B0F006C0F52 /* PhotoLibraryInterface.m */ = {isa = PBXFileReference; fileEncoding = 4; lastKnownFileType = sourcecode.c.objc; path = PhotoLibraryInterface.m; sourceTree = "<group>"; };
		FA5339CD1B6655D1006C0F52 /* ArtworkTVC.h */ = {isa = PBXFileReference; fileEncoding = 4; lastKnownFileType = sourcecode.c.h; path = ArtworkTVC.h; sourceTree = "<group>"; };
		FA5339CE1B6655D1006C0F52 /* ArtworkTVC.m */ = {isa = PBXFileReference; fileEncoding = 4; lastKnownFileType = sourcecode.c.objc; path = ArtworkTVC.m; sourceTree = "<group>"; };
		FA5339CF1B6655D1006C0F52 /* ArtworkTVC.xib */ = {isa = PBXFileReference; fileEncoding = 4; lastKnownFileType = file.xib; path = ArtworkTVC.xib; sourceTree = "<group>"; };
		FA5339D21B6DAA2F006C0F52 /* ArtworkMapVC.h */ = {isa = PBXFileReference; fileEncoding = 4; lastKnownFileType = sourcecode.c.h; path = ArtworkMapVC.h; sourceTree = "<group>"; };
		FA5339D31B6DAA2F006C0F52 /* ArtworkMapVC.m */ = {isa = PBXFileReference; fileEncoding = 4; lastKnownFileType = sourcecode.c.objc; path = ArtworkMapVC.m; sourceTree = "<group>"; };
		FA5339E71B6EE9F7006C0F52 /* MapKit.framework */ = {isa = PBXFileReference; lastKnownFileType = wrapper.framework; name = MapKit.framework; path = System/Library/Frameworks/MapKit.framework; sourceTree = SDKROOT; };
		FAB678611C8D85A900FFBFA1 /* CoreDataCollectionViewController.h */ = {isa = PBXFileReference; fileEncoding = 4; lastKnownFileType = sourcecode.c.h; path = CoreDataCollectionViewController.h; sourceTree = "<group>"; };
		FAB678621C8D85A900FFBFA1 /* CoreDataCollectionViewController.m */ = {isa = PBXFileReference; fileEncoding = 4; lastKnownFileType = sourcecode.c.objc; path = CoreDataCollectionViewController.m; sourceTree = "<group>"; };
		FAB678651C8D88A500FFBFA1 /* ArtworkCollectionViewCell.h */ = {isa = PBXFileReference; fileEncoding = 4; lastKnownFileType = sourcecode.c.h; path = ArtworkCollectionViewCell.h; sourceTree = "<group>"; };
		FAB678661C8D88A500FFBFA1 /* ArtworkCollectionViewCell.m */ = {isa = PBXFileReference; fileEncoding = 4; lastKnownFileType = sourcecode.c.objc; path = ArtworkCollectionViewCell.m; sourceTree = "<group>"; };
		FAB678691C902BB900FFBFA1 /* ArtistsCDCVC.h */ = {isa = PBXFileReference; fileEncoding = 4; lastKnownFileType = sourcecode.c.h; path = ArtistsCDCVC.h; sourceTree = "<group>"; };
		FAB6786A1C902BB900FFBFA1 /* ArtistsCDCVC.m */ = {isa = PBXFileReference; fileEncoding = 4; lastKnownFileType = sourcecode.c.objc; path = ArtistsCDCVC.m; sourceTree = "<group>"; };
		FAB8A2B21C917331000229C7 /* ImageZoomCollectionViewCell.h */ = {isa = PBXFileReference; fileEncoding = 4; lastKnownFileType = sourcecode.c.h; path = ImageZoomCollectionViewCell.h; sourceTree = "<group>"; };
		FAB8A2B31C917331000229C7 /* ImageZoomCollectionViewCell.m */ = {isa = PBXFileReference; fileEncoding = 4; lastKnownFileType = sourcecode.c.objc; path = ImageZoomCollectionViewCell.m; sourceTree = "<group>"; };
		FAB8A2B81C917746000229C7 /* AddImageCollectionViewCell.h */ = {isa = PBXFileReference; fileEncoding = 4; lastKnownFileType = sourcecode.c.h; path = AddImageCollectionViewCell.h; sourceTree = "<group>"; };
		FAB8A2B91C917746000229C7 /* AddImageCollectionViewCell.m */ = {isa = PBXFileReference; fileEncoding = 4; lastKnownFileType = sourcecode.c.objc; path = AddImageCollectionViewCell.m; sourceTree = "<group>"; };
		FAC2C7631B50B83200DE31A5 /* CoreDataTableViewController.h */ = {isa = PBXFileReference; fileEncoding = 4; lastKnownFileType = sourcecode.c.h; path = CoreDataTableViewController.h; sourceTree = "<group>"; };
		FAC2C7641B50B83200DE31A5 /* CoreDataTableViewController.m */ = {isa = PBXFileReference; fileEncoding = 4; lastKnownFileType = sourcecode.c.objc; path = CoreDataTableViewController.m; sourceTree = "<group>"; };
		FAC2C7661B50DE5900DE31A5 /* RecentsCDTVC.h */ = {isa = PBXFileReference; fileEncoding = 4; lastKnownFileType = sourcecode.c.h; path = RecentsCDTVC.h; sourceTree = "<group>"; };
		FAC2C7671B50DE5900DE31A5 /* RecentsCDTVC.m */ = {isa = PBXFileReference; fileEncoding = 4; lastKnownFileType = sourcecode.c.objc; path = RecentsCDTVC.m; sourceTree = "<group>"; };
		FAC2C7691B50E87700DE31A5 /* AddAndViewArtworkVC.h */ = {isa = PBXFileReference; fileEncoding = 4; lastKnownFileType = sourcecode.c.h; path = AddAndViewArtworkVC.h; sourceTree = "<group>"; };
		FAC2C76A1B50E87700DE31A5 /* AddAndViewArtworkVC.m */ = {isa = PBXFileReference; fileEncoding = 4; lastKnownFileType = sourcecode.c.objc; path = AddAndViewArtworkVC.m; sourceTree = "<group>"; };
		FAD056111CA4A8020024693B /* ImageAnnotationView.h */ = {isa = PBXFileReference; fileEncoding = 4; lastKnownFileType = sourcecode.c.h; path = ImageAnnotationView.h; sourceTree = "<group>"; };
		FAD056121CA4A8020024693B /* ImageAnnotationView.m */ = {isa = PBXFileReference; fileEncoding = 4; lastKnownFileType = sourcecode.c.objc; path = ImageAnnotationView.m; sourceTree = "<group>"; };
		FAEB52871B48D14700D9361E /* Street Art Map.app */ = {isa = PBXFileReference; explicitFileType = wrapper.application; includeInIndex = 0; path = "Street Art Map.app"; sourceTree = BUILT_PRODUCTS_DIR; };
		FAEB528B1B48D14700D9361E /* Info.plist */ = {isa = PBXFileReference; lastKnownFileType = text.plist.xml; path = Info.plist; sourceTree = "<group>"; };
		FAEB528C1B48D14700D9361E /* main.m */ = {isa = PBXFileReference; lastKnownFileType = sourcecode.c.objc; path = main.m; sourceTree = "<group>"; };
		FAEB528E1B48D14700D9361E /* AppDelegate.h */ = {isa = PBXFileReference; lastKnownFileType = sourcecode.c.h; path = AppDelegate.h; sourceTree = "<group>"; };
		FAEB528F1B48D14700D9361E /* AppDelegate.m */ = {isa = PBXFileReference; lastKnownFileType = sourcecode.c.objc; path = AppDelegate.m; sourceTree = "<group>"; };
		FAEB52951B48D14700D9361E /* Base */ = {isa = PBXFileReference; lastKnownFileType = file.storyboard; name = Base; path = Base.lproj/Main.storyboard; sourceTree = "<group>"; };
		FAEB52971B48D14700D9361E /* Images.xcassets */ = {isa = PBXFileReference; lastKnownFileType = folder.assetcatalog; path = Images.xcassets; sourceTree = "<group>"; };
		FAEB529A1B48D14700D9361E /* Base */ = {isa = PBXFileReference; lastKnownFileType = file.xib; name = Base; path = Base.lproj/LaunchScreen.xib; sourceTree = "<group>"; };
		FAEB52A01B48D14900D9361E /* Street Art MapTests.xctest */ = {isa = PBXFileReference; explicitFileType = wrapper.cfbundle; includeInIndex = 0; path = "Street Art MapTests.xctest"; sourceTree = BUILT_PRODUCTS_DIR; };
		FAEB52A51B48D14900D9361E /* Info.plist */ = {isa = PBXFileReference; lastKnownFileType = text.plist.xml; path = Info.plist; sourceTree = "<group>"; };
		FAEB52A61B48D14900D9361E /* Street_Art_MapTests.m */ = {isa = PBXFileReference; lastKnownFileType = sourcecode.c.objc; path = Street_Art_MapTests.m; sourceTree = "<group>"; };
		FAEB52B31B48D1C500D9361E /* Model.xcdatamodel */ = {isa = PBXFileReference; lastKnownFileType = wrapper.xcdatamodel; path = Model.xcdatamodel; sourceTree = "<group>"; };
		FAEB52B91B4AAB1A00D9361E /* DatabaseAvailability.h */ = {isa = PBXFileReference; lastKnownFileType = sourcecode.c.h; path = DatabaseAvailability.h; sourceTree = "<group>"; };
/* End PBXFileReference section */

/* Begin PBXFrameworksBuildPhase section */
		FAEB52841B48D14700D9361E /* Frameworks */ = {
			isa = PBXFrameworksBuildPhase;
			buildActionMask = 2147483647;
			files = (
				FA5339E81B6EE9F7006C0F52 /* MapKit.framework in Frameworks */,
			);
			runOnlyForDeploymentPostprocessing = 0;
		};
		FAEB529D1B48D14900D9361E /* Frameworks */ = {
			isa = PBXFrameworksBuildPhase;
			buildActionMask = 2147483647;
			files = (
			);
			runOnlyForDeploymentPostprocessing = 0;
		};
/* End PBXFrameworksBuildPhase section */

/* Begin PBXGroup section */
		FA0FAA1F1C6564EC0023FC48 /* Table View Cells */ = {
			isa = PBXGroup;
			children = (
				FA5339CD1B6655D1006C0F52 /* ArtworkTVC.h */,
				FA5339CE1B6655D1006C0F52 /* ArtworkTVC.m */,
				FA5339CF1B6655D1006C0F52 /* ArtworkTVC.xib */,
			);
			name = "Table View Cells";
			sourceTree = "<group>";
		};
		FA0FAA201C657B460023FC48 /* Helper Objects */ = {
			isa = PBXGroup;
			children = (
				FA5339C21B650B0F006C0F52 /* PhotoLibraryInterface.h */,
				FA5339C31B650B0F006C0F52 /* PhotoLibraryInterface.m */,
				FA43A6E71C77F9A900015D5F /* TestDataLoader.h */,
				FA43A6E81C77F9A900015D5F /* TestDataLoader.m */,
				FA0FAA6D1C68BBC00023FC48 /* DoubleTapToZoomScrollViewDelegate.h */,
				FA0FAA6E1C68BBC00023FC48 /* DoubleTapToZoomScrollViewDelegate.m */,
			);
			name = "Helper Objects";
			sourceTree = "<group>";
		};
		FAB8A2BB1C919008000229C7 /* Collection View Cells */ = {
			isa = PBXGroup;
			children = (
				FAB678651C8D88A500FFBFA1 /* ArtworkCollectionViewCell.h */,
				FAB678661C8D88A500FFBFA1 /* ArtworkCollectionViewCell.m */,
				FAB8A2B21C917331000229C7 /* ImageZoomCollectionViewCell.h */,
				FAB8A2B31C917331000229C7 /* ImageZoomCollectionViewCell.m */,
				FAB8A2B81C917746000229C7 /* AddImageCollectionViewCell.h */,
				FAB8A2B91C917746000229C7 /* AddImageCollectionViewCell.m */,
			);
			name = "Collection View Cells";
			sourceTree = "<group>";
		};
		FACDBBED1BA30A2100744488 /* Categories */ = {
			isa = PBXGroup;
			children = (
				FA0FAA211C65DFD60023FC48 /* UIAlertController+ConvinienceMethods.h */,
				FA0FAA221C65DFD60023FC48 /* UIAlertController+ConvinienceMethods.m */,
			);
			name = Categories;
			sourceTree = "<group>";
		};
		FAEB527E1B48D14700D9361E = {
			isa = PBXGroup;
			children = (
				FA5339E71B6EE9F7006C0F52 /* MapKit.framework */,
				FAEB52891B48D14700D9361E /* Street Art Map */,
				FAEB52A31B48D14900D9361E /* Street Art MapTests */,
				FAEB52881B48D14700D9361E /* Products */,
			);
			sourceTree = "<group>";
		};
		FAEB52881B48D14700D9361E /* Products */ = {
			isa = PBXGroup;
			children = (
				FAEB52871B48D14700D9361E /* Street Art Map.app */,
				FAEB52A01B48D14900D9361E /* Street Art MapTests.xctest */,
			);
			name = Products;
			sourceTree = "<group>";
		};
		FAEB52891B48D14700D9361E /* Street Art Map */ = {
			isa = PBXGroup;
			children = (
				FACDBBED1BA30A2100744488 /* Categories */,
				FA0FAA201C657B460023FC48 /* Helper Objects */,
				FAEB52B11B48D17F00D9361E /* Controller */,
				FAEB52B01B48D17500D9361E /* View */,
				FAEB52B51B48D1CE00D9361E /* Model */,
				FAEB52971B48D14700D9361E /* Images.xcassets */,
				FAEB528A1B48D14700D9361E /* Supporting Files */,
			);
			path = "Street Art Map";
			sourceTree = "<group>";
		};
		FAEB528A1B48D14700D9361E /* Supporting Files */ = {
			isa = PBXGroup;
			children = (
				FAEB528B1B48D14700D9361E /* Info.plist */,
				FAEB528C1B48D14700D9361E /* main.m */,
			);
			name = "Supporting Files";
			sourceTree = "<group>";
		};
		FAEB52A31B48D14900D9361E /* Street Art MapTests */ = {
			isa = PBXGroup;
			children = (
				FAEB52A61B48D14900D9361E /* Street_Art_MapTests.m */,
				FAEB52A41B48D14900D9361E /* Supporting Files */,
			);
			path = "Street Art MapTests";
			sourceTree = "<group>";
		};
		FAEB52A41B48D14900D9361E /* Supporting Files */ = {
			isa = PBXGroup;
			children = (
				FAEB52A51B48D14900D9361E /* Info.plist */,
			);
			name = "Supporting Files";
			sourceTree = "<group>";
		};
		FAEB52B01B48D17500D9361E /* View */ = {
			isa = PBXGroup;
			children = (
				FAEB52991B48D14700D9361E /* LaunchScreen.xib */,
				FAEB52941B48D14700D9361E /* Main.storyboard */,
				FAD056111CA4A8020024693B /* ImageAnnotationView.h */,
				FAD056121CA4A8020024693B /* ImageAnnotationView.m */,
				FAB8A2BB1C919008000229C7 /* Collection View Cells */,
				FA0FAA1F1C6564EC0023FC48 /* Table View Cells */,
			);
			name = View;
			sourceTree = "<group>";
		};
		FAEB52B11B48D17F00D9361E /* Controller */ = {
			isa = PBXGroup;
			children = (
				FAEB52B91B4AAB1A00D9361E /* DatabaseAvailability.h */,
				FAEB528E1B48D14700D9361E /* AppDelegate.h */,
				FAEB528F1B48D14700D9361E /* AppDelegate.m */,
				FAB678611C8D85A900FFBFA1 /* CoreDataCollectionViewController.h */,
				FAB678621C8D85A900FFBFA1 /* CoreDataCollectionViewController.m */,
				FAB678691C902BB900FFBFA1 /* ArtistsCDCVC.h */,
				FAB6786A1C902BB900FFBFA1 /* ArtistsCDCVC.m */,
				FAC2C7631B50B83200DE31A5 /* CoreDataTableViewController.h */,
				FAC2C7641B50B83200DE31A5 /* CoreDataTableViewController.m */,
				FA0EB1111B649F110034FD18 /* ListOfArtworksCDTVC.h */,
				FA0EB1121B649F110034FD18 /* ListOfArtworksCDTVC.m */,
				FAC2C7661B50DE5900DE31A5 /* RecentsCDTVC.h */,
				FAC2C7671B50DE5900DE31A5 /* RecentsCDTVC.m */,
				FAC2C7691B50E87700DE31A5 /* AddAndViewArtworkVC.h */,
				FAC2C76A1B50E87700DE31A5 /* AddAndViewArtworkVC.m */,
				FA43A6E11C75C84E00015D5F /* SelectArtistCDTVC.h */,
				FA43A6E21C75C84E00015D5F /* SelectArtistCDTVC.m */,
				FA5339D21B6DAA2F006C0F52 /* ArtworkMapVC.h */,
				FA5339D31B6DAA2F006C0F52 /* ArtworkMapVC.m */,
			);
			name = Controller;
			sourceTree = "<group>";
		};
		FAEB52B51B48D1CE00D9361E /* Model */ = {
			isa = PBXGroup;
			children = (
				FAEB52B21B48D1C500D9361E /* Model.xcdatamodeld */,
				FA43A6D41C7097BC00015D5F /* ImageFileLocation+CoreDataProperties.h */,
				FA43A6D51C7097BC00015D5F /* ImageFileLocation+CoreDataProperties.m */,
				FA43A6D61C7097BC00015D5F /* Artwork+CoreDataProperties.h */,
				FA43A6D71C7097BC00015D5F /* Artwork+CoreDataProperties.m */,
				FA43A6D81C7097BC00015D5F /* Artist+CoreDataProperties.h */,
				FA43A6D91C7097BC00015D5F /* Artist+CoreDataProperties.m */,
				FA40492E1B75CAC90069144D /* Artist.h */,
				FA40492F1B75CAC90069144D /* Artist.m */,
				FA4049281B75CAC80069144D /* Artwork.h */,
				FA4049291B75CAC80069144D /* Artwork.m */,
				FA43A68D1C70613D00015D5F /* ImageFileLocation.h */,
				FA43A68E1C70613D00015D5F /* ImageFileLocation.m */,
			);
			name = Model;
			sourceTree = "<group>";
		};
/* End PBXGroup section */

/* Begin PBXNativeTarget section */
		FAEB52861B48D14700D9361E /* Street Art Map */ = {
			isa = PBXNativeTarget;
			buildConfigurationList = FAEB52AA1B48D14900D9361E /* Build configuration list for PBXNativeTarget "Street Art Map" */;
			buildPhases = (
				FAEB52831B48D14700D9361E /* Sources */,
				FAEB52841B48D14700D9361E /* Frameworks */,
				FAEB52851B48D14700D9361E /* Resources */,
			);
			buildRules = (
			);
			dependencies = (
			);
			name = "Street Art Map";
			productName = "Street Art Map";
			productReference = FAEB52871B48D14700D9361E /* Street Art Map.app */;
			productType = "com.apple.product-type.application";
		};
		FAEB529F1B48D14900D9361E /* Street Art MapTests */ = {
			isa = PBXNativeTarget;
			buildConfigurationList = FAEB52AD1B48D14900D9361E /* Build configuration list for PBXNativeTarget "Street Art MapTests" */;
			buildPhases = (
				FAEB529C1B48D14900D9361E /* Sources */,
				FAEB529D1B48D14900D9361E /* Frameworks */,
				FAEB529E1B48D14900D9361E /* Resources */,
			);
			buildRules = (
			);
			dependencies = (
				FAEB52A21B48D14900D9361E /* PBXTargetDependency */,
			);
			name = "Street Art MapTests";
			productName = "Street Art MapTests";
			productReference = FAEB52A01B48D14900D9361E /* Street Art MapTests.xctest */;
			productType = "com.apple.product-type.bundle.unit-test";
		};
/* End PBXNativeTarget section */

/* Begin PBXProject section */
		FAEB527F1B48D14700D9361E /* Project object */ = {
			isa = PBXProject;
			attributes = {
				LastUpgradeCheck = 0630;
				ORGANIZATIONNAME = "Alex Smith";
				TargetAttributes = {
					FAEB52861B48D14700D9361E = {
						CreatedOnToolsVersion = 6.3.1;
						DevelopmentTeam = 37CCTH6C4V;
						SystemCapabilities = {
							com.apple.Maps.iOS = {
								enabled = 1;
							};
						};
					};
					FAEB529F1B48D14900D9361E = {
						CreatedOnToolsVersion = 6.3.1;
						TestTargetID = FAEB52861B48D14700D9361E;
					};
				};
			};
			buildConfigurationList = FAEB52821B48D14700D9361E /* Build configuration list for PBXProject "Street Art Map" */;
			compatibilityVersion = "Xcode 3.2";
			developmentRegion = English;
			hasScannedForEncodings = 0;
			knownRegions = (
				en,
				Base,
			);
			mainGroup = FAEB527E1B48D14700D9361E;
			productRefGroup = FAEB52881B48D14700D9361E /* Products */;
			projectDirPath = "";
			projectRoot = "";
			targets = (
				FAEB52861B48D14700D9361E /* Street Art Map */,
				FAEB529F1B48D14900D9361E /* Street Art MapTests */,
			);
		};
/* End PBXProject section */

/* Begin PBXResourcesBuildPhase section */
		FAEB52851B48D14700D9361E /* Resources */ = {
			isa = PBXResourcesBuildPhase;
			buildActionMask = 2147483647;
			files = (
				FAEB52961B48D14700D9361E /* Main.storyboard in Resources */,
				FAEB529B1B48D14700D9361E /* LaunchScreen.xib in Resources */,
				FA5339D11B6655D1006C0F52 /* ArtworkTVC.xib in Resources */,
				FAEB52981B48D14700D9361E /* Images.xcassets in Resources */,
			);
			runOnlyForDeploymentPostprocessing = 0;
		};
		FAEB529E1B48D14900D9361E /* Resources */ = {
			isa = PBXResourcesBuildPhase;
			buildActionMask = 2147483647;
			files = (
			);
			runOnlyForDeploymentPostprocessing = 0;
		};
/* End PBXResourcesBuildPhase section */

/* Begin PBXSourcesBuildPhase section */
		FAEB52831B48D14700D9361E /* Sources */ = {
			isa = PBXSourcesBuildPhase;
			buildActionMask = 2147483647;
			files = (
				FAEB52901B48D14700D9361E /* AppDelegate.m in Sources */,
				FAC2C7651B50B83200DE31A5 /* CoreDataTableViewController.m in Sources */,
				FA4049301B75CAC90069144D /* Artist.m in Sources */,
				FAD056131CA4A8020024693B /* ImageAnnotationView.m in Sources */,
				FA0FAA6F1C68BBC00023FC48 /* DoubleTapToZoomScrollViewDelegate.m in Sources */,
				FA5339D01B6655D1006C0F52 /* ArtworkTVC.m in Sources */,
				FAB678671C8D88A500FFBFA1 /* ArtworkCollectionViewCell.m in Sources */,
				FAB6786B1C902BB900FFBFA1 /* ArtistsCDCVC.m in Sources */,
				FA0EB1131B649F110034FD18 /* ListOfArtworksCDTVC.m in Sources */,
				FAEB528D1B48D14700D9361E /* main.m in Sources */,
				FA40492A1B75CAC80069144D /* Artwork.m in Sources */,
				FA43A6DD1C7097BC00015D5F /* Artist+CoreDataProperties.m in Sources */,
				FA43A6E31C75C84E00015D5F /* SelectArtistCDTVC.m in Sources */,
				FA5339C41B650B0F006C0F52 /* PhotoLibraryInterface.m in Sources */,
				FA5339D41B6DAA2F006C0F52 /* ArtworkMapVC.m in Sources */,
				FAB8A2B41C917331000229C7 /* ImageZoomCollectionViewCell.m in Sources */,
				FAEB52B41B48D1C500D9361E /* Model.xcdatamodeld in Sources */,
				FAB678631C8D85A900FFBFA1 /* CoreDataCollectionViewController.m in Sources */,
				FAB8A2BA1C917746000229C7 /* AddImageCollectionViewCell.m in Sources */,
				FA43A6941C70613D00015D5F /* ImageFileLocation.m in Sources */,
				FA43A6DC1C7097BC00015D5F /* Artwork+CoreDataProperties.m in Sources */,
				FAC2C76B1B50E87700DE31A5 /* AddAndViewArtworkVC.m in Sources */,
				FAC2C7681B50DE5900DE31A5 /* RecentsCDTVC.m in Sources */,
				FA43A6DB1C7097BC00015D5F /* ImageFileLocation+CoreDataProperties.m in Sources */,
				FA43A6E91C77F9A900015D5F /* TestDataLoader.m in Sources */,
				FA0FAA231C65DFD60023FC48 /* UIAlertController+ConvinienceMethods.m in Sources */,
			);
			runOnlyForDeploymentPostprocessing = 0;
		};
		FAEB529C1B48D14900D9361E /* Sources */ = {
			isa = PBXSourcesBuildPhase;
			buildActionMask = 2147483647;
			files = (
				FAEB52A71B48D14900D9361E /* Street_Art_MapTests.m in Sources */,
			);
			runOnlyForDeploymentPostprocessing = 0;
		};
/* End PBXSourcesBuildPhase section */

/* Begin PBXTargetDependency section */
		FAEB52A21B48D14900D9361E /* PBXTargetDependency */ = {
			isa = PBXTargetDependency;
			target = FAEB52861B48D14700D9361E /* Street Art Map */;
			targetProxy = FAEB52A11B48D14900D9361E /* PBXContainerItemProxy */;
		};
/* End PBXTargetDependency section */

/* Begin PBXVariantGroup section */
		FAEB52941B48D14700D9361E /* Main.storyboard */ = {
			isa = PBXVariantGroup;
			children = (
				FAEB52951B48D14700D9361E /* Base */,
			);
			name = Main.storyboard;
			sourceTree = "<group>";
		};
		FAEB52991B48D14700D9361E /* LaunchScreen.xib */ = {
			isa = PBXVariantGroup;
			children = (
				FAEB529A1B48D14700D9361E /* Base */,
			);
			name = LaunchScreen.xib;
			sourceTree = "<group>";
		};
/* End PBXVariantGroup section */

/* Begin XCBuildConfiguration section */
		FAEB52A81B48D14900D9361E /* Debug */ = {
			isa = XCBuildConfiguration;
			buildSettings = {
				ALWAYS_SEARCH_USER_PATHS = NO;
				CLANG_CXX_LANGUAGE_STANDARD = "gnu++0x";
				CLANG_CXX_LIBRARY = "libc++";
				CLANG_ENABLE_MODULES = YES;
				CLANG_ENABLE_OBJC_ARC = YES;
				CLANG_WARN_BOOL_CONVERSION = YES;
				CLANG_WARN_CONSTANT_CONVERSION = YES;
				CLANG_WARN_DIRECT_OBJC_ISA_USAGE = YES_ERROR;
				CLANG_WARN_EMPTY_BODY = YES;
				CLANG_WARN_ENUM_CONVERSION = YES;
				CLANG_WARN_INT_CONVERSION = YES;
				CLANG_WARN_OBJC_ROOT_CLASS = YES_ERROR;
				CLANG_WARN_UNREACHABLE_CODE = YES;
				CLANG_WARN__DUPLICATE_METHOD_MATCH = YES;
				"CODE_SIGN_IDENTITY[sdk=iphoneos*]" = "iPhone Developer";
				COPY_PHASE_STRIP = NO;
				DEBUG_INFORMATION_FORMAT = "dwarf-with-dsym";
				ENABLE_STRICT_OBJC_MSGSEND = YES;
				GCC_C_LANGUAGE_STANDARD = gnu99;
				GCC_DYNAMIC_NO_PIC = NO;
				GCC_NO_COMMON_BLOCKS = YES;
				GCC_OPTIMIZATION_LEVEL = 0;
				GCC_PREPROCESSOR_DEFINITIONS = (
					"DEBUG=1",
					"$(inherited)",
				);
				GCC_SYMBOLS_PRIVATE_EXTERN = NO;
				GCC_WARN_64_TO_32_BIT_CONVERSION = YES;
				GCC_WARN_ABOUT_RETURN_TYPE = YES_ERROR;
				GCC_WARN_UNDECLARED_SELECTOR = YES;
				GCC_WARN_UNINITIALIZED_AUTOS = YES_AGGRESSIVE;
				GCC_WARN_UNUSED_FUNCTION = YES;
				GCC_WARN_UNUSED_VARIABLE = YES;
				IPHONEOS_DEPLOYMENT_TARGET = 8.2;
				MTL_ENABLE_DEBUG_INFO = YES;
				ONLY_ACTIVE_ARCH = YES;
				SDKROOT = iphoneos;
				TARGETED_DEVICE_FAMILY = "1,2";
			};
			name = Debug;
		};
		FAEB52A91B48D14900D9361E /* Release */ = {
			isa = XCBuildConfiguration;
			buildSettings = {
				ALWAYS_SEARCH_USER_PATHS = NO;
				CLANG_CXX_LANGUAGE_STANDARD = "gnu++0x";
				CLANG_CXX_LIBRARY = "libc++";
				CLANG_ENABLE_MODULES = YES;
				CLANG_ENABLE_OBJC_ARC = YES;
				CLANG_WARN_BOOL_CONVERSION = YES;
				CLANG_WARN_CONSTANT_CONVERSION = YES;
				CLANG_WARN_DIRECT_OBJC_ISA_USAGE = YES_ERROR;
				CLANG_WARN_EMPTY_BODY = YES;
				CLANG_WARN_ENUM_CONVERSION = YES;
				CLANG_WARN_INT_CONVERSION = YES;
				CLANG_WARN_OBJC_ROOT_CLASS = YES_ERROR;
				CLANG_WARN_UNREACHABLE_CODE = YES;
				CLANG_WARN__DUPLICATE_METHOD_MATCH = YES;
				"CODE_SIGN_IDENTITY[sdk=iphoneos*]" = "iPhone Developer";
				COPY_PHASE_STRIP = NO;
				DEBUG_INFORMATION_FORMAT = "dwarf-with-dsym";
				ENABLE_NS_ASSERTIONS = NO;
				ENABLE_STRICT_OBJC_MSGSEND = YES;
				GCC_C_LANGUAGE_STANDARD = gnu99;
				GCC_NO_COMMON_BLOCKS = YES;
				GCC_WARN_64_TO_32_BIT_CONVERSION = YES;
				GCC_WARN_ABOUT_RETURN_TYPE = YES_ERROR;
				GCC_WARN_UNDECLARED_SELECTOR = YES;
				GCC_WARN_UNINITIALIZED_AUTOS = YES_AGGRESSIVE;
				GCC_WARN_UNUSED_FUNCTION = YES;
				GCC_WARN_UNUSED_VARIABLE = YES;
				IPHONEOS_DEPLOYMENT_TARGET = 8.2;
				MTL_ENABLE_DEBUG_INFO = NO;
				SDKROOT = iphoneos;
				TARGETED_DEVICE_FAMILY = "1,2";
				VALIDATE_PRODUCT = YES;
			};
			name = Release;
		};
		FAEB52AB1B48D14900D9361E /* Debug */ = {
			isa = XCBuildConfiguration;
			buildSettings = {
				ASSETCATALOG_COMPILER_APPICON_NAME = AppIcon;
				CODE_SIGN_IDENTITY = "iPhone Developer";
				INFOPLIST_FILE = "Street Art Map/Info.plist";
				IPHONEOS_DEPLOYMENT_TARGET = 8.2;
				LD_RUNPATH_SEARCH_PATHS = "$(inherited) @executable_path/Frameworks";
				PRODUCT_NAME = "$(TARGET_NAME)";
				TARGETED_DEVICE_FAMILY = "1,2";
			};
			name = Debug;
		};
		FAEB52AC1B48D14900D9361E /* Release */ = {
			isa = XCBuildConfiguration;
			buildSettings = {
				ASSETCATALOG_COMPILER_APPICON_NAME = AppIcon;
				CODE_SIGN_IDENTITY = "iPhone Developer";
				INFOPLIST_FILE = "Street Art Map/Info.plist";
				IPHONEOS_DEPLOYMENT_TARGET = 8.2;
				LD_RUNPATH_SEARCH_PATHS = "$(inherited) @executable_path/Frameworks";
				PRODUCT_NAME = "$(TARGET_NAME)";
				TARGETED_DEVICE_FAMILY = "1,2";
			};
			name = Release;
		};
		FAEB52AE1B48D14900D9361E /* Debug */ = {
			isa = XCBuildConfiguration;
			buildSettings = {
				BUNDLE_LOADER = "$(TEST_HOST)";
				FRAMEWORK_SEARCH_PATHS = (
					"$(SDKROOT)/Developer/Library/Frameworks",
					"$(inherited)",
				);
				GCC_PREPROCESSOR_DEFINITIONS = (
					"DEBUG=1",
					"$(inherited)",
				);
				INFOPLIST_FILE = "Street Art MapTests/Info.plist";
				LD_RUNPATH_SEARCH_PATHS = "$(inherited) @executable_path/Frameworks @loader_path/Frameworks";
				PRODUCT_NAME = "$(TARGET_NAME)";
				TEST_HOST = "$(BUILT_PRODUCTS_DIR)/Street Art Map.app/Street Art Map";
			};
			name = Debug;
		};
		FAEB52AF1B48D14900D9361E /* Release */ = {
			isa = XCBuildConfiguration;
			buildSettings = {
				BUNDLE_LOADER = "$(TEST_HOST)";
				FRAMEWORK_SEARCH_PATHS = (
					"$(SDKROOT)/Developer/Library/Frameworks",
					"$(inherited)",
				);
				INFOPLIST_FILE = "Street Art MapTests/Info.plist";
				LD_RUNPATH_SEARCH_PATHS = "$(inherited) @executable_path/Frameworks @loader_path/Frameworks";
				PRODUCT_NAME = "$(TARGET_NAME)";
				TEST_HOST = "$(BUILT_PRODUCTS_DIR)/Street Art Map.app/Street Art Map";
			};
			name = Release;
		};
/* End XCBuildConfiguration section */

/* Begin XCConfigurationList section */
		FAEB52821B48D14700D9361E /* Build configuration list for PBXProject "Street Art Map" */ = {
			isa = XCConfigurationList;
			buildConfigurations = (
				FAEB52A81B48D14900D9361E /* Debug */,
				FAEB52A91B48D14900D9361E /* Release */,
			);
			defaultConfigurationIsVisible = 0;
			defaultConfigurationName = Release;
		};
		FAEB52AA1B48D14900D9361E /* Build configuration list for PBXNativeTarget "Street Art Map" */ = {
			isa = XCConfigurationList;
			buildConfigurations = (
				FAEB52AB1B48D14900D9361E /* Debug */,
				FAEB52AC1B48D14900D9361E /* Release */,
			);
			defaultConfigurationIsVisible = 0;
			defaultConfigurationName = Release;
		};
		FAEB52AD1B48D14900D9361E /* Build configuration list for PBXNativeTarget "Street Art MapTests" */ = {
			isa = XCConfigurationList;
			buildConfigurations = (
				FAEB52AE1B48D14900D9361E /* Debug */,
				FAEB52AF1B48D14900D9361E /* Release */,
			);
			defaultConfigurationIsVisible = 0;
			defaultConfigurationName = Release;
		};
/* End XCConfigurationList section */

/* Begin XCVersionGroup section */
		FAEB52B21B48D1C500D9361E /* Model.xcdatamodeld */ = {
			isa = XCVersionGroup;
			children = (
				FAEB52B31B48D1C500D9361E /* Model.xcdatamodel */,
			);
			currentVersion = FAEB52B31B48D1C500D9361E /* Model.xcdatamodel */;
			path = Model.xcdatamodeld;
			sourceTree = "<group>";
			versionGroupType = wrapper.xcdatamodel;
		};
/* End XCVersionGroup section */
	};
	rootObject = FAEB527F1B48D14700D9361E /* Project object */;
}
